
Microsoft Visual Studio Solution File, Format Version 12.00
# Visual Studio Version 17
VisualStudioVersion = 17.7.34009.444
MinimumVisualStudioVersion = 10.0.40219.1
Project("{FAE04EC0-301F-11D3-BF4B-00C04F79EFBC}") = "12_WPF_Tutorial_v1", "12_WPF_Tutorial_v1.csproj", "{612DD855-27EE-4DBE-BE18-308011544098}"
EndProject
Global
	GlobalSection(SolutionConfigurationPlatforms) = preSolution
		Debug|Any CPU = Debug|Any CPU
		Release|Any CPU = Release|Any CPU
	EndGlobalSection
	GlobalSection(ProjectConfigurationPlatforms) = postSolution
		{612DD855-27EE-4DBE-BE18-308011544098}.Debug|Any CPU.ActiveCfg = Debug|Any CPU
		{612DD855-27EE-4DBE-BE18-308011544098}.Debug|Any CPU.Build.0 = Debug|Any CPU
		{612DD855-27EE-4DBE-BE18-308011544098}.Release|Any CPU.ActiveCfg = Release|Any CPU
		{612DD855-27EE-4DBE-BE18-308011544098}.Release|Any CPU.Build.0 = Release|Any CPU
	EndGlobalSection
	GlobalSection(SolutionProperties) = preSolution
		HideSolutionNode = FALSE
	EndGlobalSection
	GlobalSection(ExtensibilityGlobals) = postSolution
		SolutionGuid = {723EE03C-1799-488F-98FB-1901B48C5C8C}
	EndGlobalSection
EndGlobal
