
Microsoft Visual Studio Solution File, Format Version 12.00
# Visual Studio Version 17
VisualStudioVersion = 17.7.34009.444
MinimumVisualStudioVersion = 10.0.40219.1
Project("{FAE04EC0-301F-11D3-BF4B-00C04F79EFBC}") = "13_WPF_Tutorial_v1", "13_WPF_Tutorial_v1.csproj", "{DE38B3C8-A25F-4985-B6F2-C6998B513AFB}"
EndProject
Global
	GlobalSection(SolutionConfigurationPlatforms) = preSolution
		Debug|Any CPU = Debug|Any CPU
		Release|Any CPU = Release|Any CPU
	EndGlobalSection
	GlobalSection(ProjectConfigurationPlatforms) = postSolution
		{DE38B3C8-A25F-4985-B6F2-C6998B513AFB}.Debug|Any CPU.ActiveCfg = Debug|Any CPU
		{DE38B3C8-A25F-4985-B6F2-C6998B513AFB}.Debug|Any CPU.Build.0 = Debug|Any CPU
		{DE38B3C8-A25F-4985-B6F2-C6998B513AFB}.Release|Any CPU.ActiveCfg = Release|Any CPU
		{DE38B3C8-A25F-4985-B6F2-C6998B513AFB}.Release|Any CPU.Build.0 = Release|Any CPU
	EndGlobalSection
	GlobalSection(SolutionProperties) = preSolution
		HideSolutionNode = FALSE
	EndGlobalSection
	GlobalSection(ExtensibilityGlobals) = postSolution
		SolutionGuid = {A2F186A3-46E8-47F5-AB7E-75D1891D87ED}
	EndGlobalSection
EndGlobal
