
Microsoft Visual Studio Solution File, Format Version 12.00
# Visual Studio Version 17
VisualStudioVersion = 17.7.34009.444
MinimumVisualStudioVersion = 10.0.40219.1
Project("{FAE04EC0-301F-11D3-BF4B-00C04F79EFBC}") = "16.200.Searching.BreadthFirstTraversalMethod_Tree", "16.200.Searching.BreadthFirstTraversalMethod_Tree.csproj", "{80EA896C-DF24-42A0-96C8-B50B0245C0C7}"
EndProject
Global
	GlobalSection(SolutionConfigurationPlatforms) = preSolution
		Debug|Any CPU = Debug|Any CPU
		Release|Any CPU = Release|Any CPU
	EndGlobalSection
	GlobalSection(ProjectConfigurationPlatforms) = postSolution
		{80EA896C-DF24-42A0-96C8-B50B0245C0C7}.Debug|Any CPU.ActiveCfg = Debug|Any CPU
		{80EA896C-DF24-42A0-96C8-B50B0245C0C7}.Debug|Any CPU.Build.0 = Debug|Any CPU
		{80EA896C-DF24-42A0-96C8-B50B0245C0C7}.Release|Any CPU.ActiveCfg = Release|Any CPU
		{80EA896C-DF24-42A0-96C8-B50B0245C0C7}.Release|Any CPU.Build.0 = Release|Any CPU
	EndGlobalSection
	GlobalSection(SolutionProperties) = preSolution
		HideSolutionNode = FALSE
	EndGlobalSection
	GlobalSection(ExtensibilityGlobals) = postSolution
		SolutionGuid = {06F1EFAF-2B58-415C-A41A-5B78FFAEFAE8}
	EndGlobalSection
EndGlobal
