
Microsoft Visual Studio Solution File, Format Version 12.00
# Visual Studio Version 17
VisualStudioVersion = 17.6.33829.357
MinimumVisualStudioVersion = 10.0.40219.1
Project("{FAE04EC0-301F-11D3-BF4B-00C04F79EFBC}") = "1.146.1.StacksBalancedBracketsProblem", "1.146.1.StacksBalancedBracketsProblem.csproj", "{67740D57-4C54-4C35-9C93-3B597A4A4912}"
EndProject
Global
	GlobalSection(SolutionConfigurationPlatforms) = preSolution
		Debug|Any CPU = Debug|Any CPU
		Release|Any CPU = Release|Any CPU
	EndGlobalSection
	GlobalSection(ProjectConfigurationPlatforms) = postSolution
		{67740D57-4C54-4C35-9C93-3B597A4A4912}.Debug|Any CPU.ActiveCfg = Debug|Any CPU
		{67740D57-4C54-4C35-9C93-3B597A4A4912}.Debug|Any CPU.Build.0 = Debug|Any CPU
		{67740D57-4C54-4C35-9C93-3B597A4A4912}.Release|Any CPU.ActiveCfg = Release|Any CPU
		{67740D57-4C54-4C35-9C93-3B597A4A4912}.Release|Any CPU.Build.0 = Release|Any CPU
	EndGlobalSection
	GlobalSection(SolutionProperties) = preSolution
		HideSolutionNode = FALSE
	EndGlobalSection
	GlobalSection(ExtensibilityGlobals) = postSolution
		SolutionGuid = {84DF9555-7233-4593-899B-9A2160A088DE}
	EndGlobalSection
EndGlobal
