
Microsoft Visual Studio Solution File, Format Version 12.00
# Visual Studio Version 17
VisualStudioVersion = 17.7.34009.444
MinimumVisualStudioVersion = 10.0.40219.1
Project("{FAE04EC0-301F-11D3-BF4B-00C04F79EFBC}") = "08_WPF_Tutorial_v3", "08_WPF_Tutorial_v3.csproj", "{4E0B50D8-FB4A-4912-86D7-6F528E9B8A4B}"
EndProject
Global
	GlobalSection(SolutionConfigurationPlatforms) = preSolution
		Debug|Any CPU = Debug|Any CPU
		Release|Any CPU = Release|Any CPU
	EndGlobalSection
	GlobalSection(ProjectConfigurationPlatforms) = postSolution
		{4E0B50D8-FB4A-4912-86D7-6F528E9B8A4B}.Debug|Any CPU.ActiveCfg = Debug|Any CPU
		{4E0B50D8-FB4A-4912-86D7-6F528E9B8A4B}.Debug|Any CPU.Build.0 = Debug|Any CPU
		{4E0B50D8-FB4A-4912-86D7-6F528E9B8A4B}.Release|Any CPU.ActiveCfg = Release|Any CPU
		{4E0B50D8-FB4A-4912-86D7-6F528E9B8A4B}.Release|Any CPU.Build.0 = Release|Any CPU
	EndGlobalSection
	GlobalSection(SolutionProperties) = preSolution
		HideSolutionNode = FALSE
	EndGlobalSection
	GlobalSection(ExtensibilityGlobals) = postSolution
		SolutionGuid = {67DA0184-5AB0-4B3E-9D4A-07F6B2C5A9AD}
	EndGlobalSection
EndGlobal
