
Microsoft Visual Studio Solution File, Format Version 12.00
# Visual Studio Version 17
VisualStudioVersion = 17.7.34009.444
MinimumVisualStudioVersion = 10.0.40219.1
Project("{FAE04EC0-301F-11D3-BF4B-00C04F79EFBC}") = "16.210.Sorting.HeapSortingMethod", "16.210.Sorting.HeapSortingMethod.csproj", "{B0B17249-673F-44AF-9D88-6F60503A9142}"
EndProject
Global
	GlobalSection(SolutionConfigurationPlatforms) = preSolution
		Debug|Any CPU = Debug|Any CPU
		Release|Any CPU = Release|Any CPU
	EndGlobalSection
	GlobalSection(ProjectConfigurationPlatforms) = postSolution
		{B0B17249-673F-44AF-9D88-6F60503A9142}.Debug|Any CPU.ActiveCfg = Debug|Any CPU
		{B0B17249-673F-44AF-9D88-6F60503A9142}.Debug|Any CPU.Build.0 = Debug|Any CPU
		{B0B17249-673F-44AF-9D88-6F60503A9142}.Release|Any CPU.ActiveCfg = Release|Any CPU
		{B0B17249-673F-44AF-9D88-6F60503A9142}.Release|Any CPU.Build.0 = Release|Any CPU
	EndGlobalSection
	GlobalSection(SolutionProperties) = preSolution
		HideSolutionNode = FALSE
	EndGlobalSection
	GlobalSection(ExtensibilityGlobals) = postSolution
		SolutionGuid = {73D3EFAB-AE6F-4CEA-9F04-268EF8F7D197}
	EndGlobalSection
EndGlobal
