
Microsoft Visual Studio Solution File, Format Version 12.00
# Visual Studio Version 17
VisualStudioVersion = 17.6.33829.357
MinimumVisualStudioVersion = 10.0.40219.1
Project("{FAE04EC0-301F-11D3-BF4B-00C04F79EFBC}") = "18.228.Generics", "18.228.Generics.csproj", "{B786949B-C8DD-4952-862A-CA3036BF7794}"
EndProject
Global
	GlobalSection(SolutionConfigurationPlatforms) = preSolution
		Debug|Any CPU = Debug|Any CPU
		Release|Any CPU = Release|Any CPU
	EndGlobalSection
	GlobalSection(ProjectConfigurationPlatforms) = postSolution
		{B786949B-C8DD-4952-862A-CA3036BF7794}.Debug|Any CPU.ActiveCfg = Debug|Any CPU
		{B786949B-C8DD-4952-862A-CA3036BF7794}.Debug|Any CPU.Build.0 = Debug|Any CPU
		{B786949B-C8DD-4952-862A-CA3036BF7794}.Release|Any CPU.ActiveCfg = Release|Any CPU
		{B786949B-C8DD-4952-862A-CA3036BF7794}.Release|Any CPU.Build.0 = Release|Any CPU
	EndGlobalSection
	GlobalSection(SolutionProperties) = preSolution
		HideSolutionNode = FALSE
	EndGlobalSection
	GlobalSection(ExtensibilityGlobals) = postSolution
		SolutionGuid = {98015748-59A5-4E97-AF63-3DC626608FE3}
	EndGlobalSection
EndGlobal
