
Microsoft Visual Studio Solution File, Format Version 12.00
# Visual Studio Version 17
VisualStudioVersion = 17.6.33829.357
MinimumVisualStudioVersion = 10.0.40219.1
Project("{FAE04EC0-301F-11D3-BF4B-00C04F79EFBC}") = "21.265.ConcurrentCollections", "21.265.ConcurrentCollections.csproj", "{0FA65506-13CF-427B-A965-42296F989159}"
EndProject
Global
	GlobalSection(SolutionConfigurationPlatforms) = preSolution
		Debug|Any CPU = Debug|Any CPU
		Release|Any CPU = Release|Any CPU
	EndGlobalSection
	GlobalSection(ProjectConfigurationPlatforms) = postSolution
		{0FA65506-13CF-427B-A965-42296F989159}.Debug|Any CPU.ActiveCfg = Debug|Any CPU
		{0FA65506-13CF-427B-A965-42296F989159}.Debug|Any CPU.Build.0 = Debug|Any CPU
		{0FA65506-13CF-427B-A965-42296F989159}.Release|Any CPU.ActiveCfg = Release|Any CPU
		{0FA65506-13CF-427B-A965-42296F989159}.Release|Any CPU.Build.0 = Release|Any CPU
	EndGlobalSection
	GlobalSection(SolutionProperties) = preSolution
		HideSolutionNode = FALSE
	EndGlobalSection
	GlobalSection(ExtensibilityGlobals) = postSolution
		SolutionGuid = {2E1D050B-C99C-4141-8ECA-4DDDA44EB6B6}
	EndGlobalSection
EndGlobal
