
Microsoft Visual Studio Solution File, Format Version 12.00
# Visual Studio Version 17
VisualStudioVersion = 17.6.33829.357
MinimumVisualStudioVersion = 10.0.40219.1
Project("{FAE04EC0-301F-11D3-BF4B-00C04F79EFBC}") = "4.84.ControlFlow", "4.84.ControlFlow.csproj", "{65545C3A-C363-4DD4-8B46-F39E97837406}"
EndProject
Global
	GlobalSection(SolutionConfigurationPlatforms) = preSolution
		Debug|Any CPU = Debug|Any CPU
		Release|Any CPU = Release|Any CPU
	EndGlobalSection
	GlobalSection(ProjectConfigurationPlatforms) = postSolution
		{65545C3A-C363-4DD4-8B46-F39E97837406}.Debug|Any CPU.ActiveCfg = Debug|Any CPU
		{65545C3A-C363-4DD4-8B46-F39E97837406}.Debug|Any CPU.Build.0 = Debug|Any CPU
		{65545C3A-C363-4DD4-8B46-F39E97837406}.Release|Any CPU.ActiveCfg = Release|Any CPU
		{65545C3A-C363-4DD4-8B46-F39E97837406}.Release|Any CPU.Build.0 = Release|Any CPU
	EndGlobalSection
	GlobalSection(SolutionProperties) = preSolution
		HideSolutionNode = FALSE
	EndGlobalSection
	GlobalSection(ExtensibilityGlobals) = postSolution
		SolutionGuid = {6D4A6A89-99DE-464B-9F8D-79EEE098E5FB}
	EndGlobalSection
EndGlobal
