
Microsoft Visual Studio Solution File, Format Version 12.00
# Visual Studio Version 17
VisualStudioVersion = 17.7.34009.444
MinimumVisualStudioVersion = 10.0.40219.1
Project("{FAE04EC0-301F-11D3-BF4B-00C04F79EFBC}") = "16.197.Searching.InterpolationSearch", "16.197.Searching.InterpolationSearch.csproj", "{3DF8B0C1-588D-41B6-9175-FA6B2D636238}"
EndProject
Global
	GlobalSection(SolutionConfigurationPlatforms) = preSolution
		Debug|Any CPU = Debug|Any CPU
		Release|Any CPU = Release|Any CPU
	EndGlobalSection
	GlobalSection(ProjectConfigurationPlatforms) = postSolution
		{3DF8B0C1-588D-41B6-9175-FA6B2D636238}.Debug|Any CPU.ActiveCfg = Debug|Any CPU
		{3DF8B0C1-588D-41B6-9175-FA6B2D636238}.Debug|Any CPU.Build.0 = Debug|Any CPU
		{3DF8B0C1-588D-41B6-9175-FA6B2D636238}.Release|Any CPU.ActiveCfg = Release|Any CPU
		{3DF8B0C1-588D-41B6-9175-FA6B2D636238}.Release|Any CPU.Build.0 = Release|Any CPU
	EndGlobalSection
	GlobalSection(SolutionProperties) = preSolution
		HideSolutionNode = FALSE
	EndGlobalSection
	GlobalSection(ExtensibilityGlobals) = postSolution
		SolutionGuid = {B3602770-6096-4967-9ECD-7794BF65954A}
	EndGlobalSection
EndGlobal
