
Microsoft Visual Studio Solution File, Format Version 12.00
# Visual Studio Version 17
VisualStudioVersion = 17.7.34009.444
MinimumVisualStudioVersion = 10.0.40219.1
Project("{FAE04EC0-301F-11D3-BF4B-00C04F79EFBC}") = "16.209.Sorting.RadixSortMethod", "16.209.Sorting.RadixSortMethod.csproj", "{A53016D1-2561-49C4-A8E9-9AB606869389}"
EndProject
Global
	GlobalSection(SolutionConfigurationPlatforms) = preSolution
		Debug|Any CPU = Debug|Any CPU
		Release|Any CPU = Release|Any CPU
	EndGlobalSection
	GlobalSection(ProjectConfigurationPlatforms) = postSolution
		{A53016D1-2561-49C4-A8E9-9AB606869389}.Debug|Any CPU.ActiveCfg = Debug|Any CPU
		{A53016D1-2561-49C4-A8E9-9AB606869389}.Debug|Any CPU.Build.0 = Debug|Any CPU
		{A53016D1-2561-49C4-A8E9-9AB606869389}.Release|Any CPU.ActiveCfg = Release|Any CPU
		{A53016D1-2561-49C4-A8E9-9AB606869389}.Release|Any CPU.Build.0 = Release|Any CPU
	EndGlobalSection
	GlobalSection(SolutionProperties) = preSolution
		HideSolutionNode = FALSE
	EndGlobalSection
	GlobalSection(ExtensibilityGlobals) = postSolution
		SolutionGuid = {3CFBC2EF-2406-4A42-82E0-270712FE5DE2}
	EndGlobalSection
EndGlobal
