
Microsoft Visual Studio Solution File, Format Version 12.00
# Visual Studio Version 17
VisualStudioVersion = 17.7.34003.232
MinimumVisualStudioVersion = 10.0.40219.1
Project("{FAE04EC0-301F-11D3-BF4B-00C04F79EFBC}") = "WPFGridSplitter", "WPFGridSplitter.csproj", "{6990908C-311B-4F6D-8063-43FE3454F483}"
EndProject
Global
	GlobalSection(SolutionConfigurationPlatforms) = preSolution
		Debug|Any CPU = Debug|Any CPU
		Release|Any CPU = Release|Any CPU
	EndGlobalSection
	GlobalSection(ProjectConfigurationPlatforms) = postSolution
		{6990908C-311B-4F6D-8063-43FE3454F483}.Debug|Any CPU.ActiveCfg = Debug|Any CPU
		{6990908C-311B-4F6D-8063-43FE3454F483}.Debug|Any CPU.Build.0 = Debug|Any CPU
		{6990908C-311B-4F6D-8063-43FE3454F483}.Release|Any CPU.ActiveCfg = Release|Any CPU
		{6990908C-311B-4F6D-8063-43FE3454F483}.Release|Any CPU.Build.0 = Release|Any CPU
	EndGlobalSection
	GlobalSection(SolutionProperties) = preSolution
		HideSolutionNode = FALSE
	EndGlobalSection
	GlobalSection(ExtensibilityGlobals) = postSolution
		SolutionGuid = {D6F9D610-A57D-49B7-B639-7DCCDDCF56C8}
	EndGlobalSection
EndGlobal
