
Microsoft Visual Studio Solution File, Format Version 12.00
# Visual Studio Version 17
VisualStudioVersion = 17.6.33829.357
MinimumVisualStudioVersion = 10.0.40219.1
Project("{FAE04EC0-301F-11D3-BF4B-00C04F79EFBC}") = "1.150.Dictionary___", "1.150.Dictionary___.csproj", "{461C88AC-3618-4FC2-B10F-AEE0A6CF23B4}"
EndProject
Global
	GlobalSection(SolutionConfigurationPlatforms) = preSolution
		Debug|Any CPU = Debug|Any CPU
		Release|Any CPU = Release|Any CPU
	EndGlobalSection
	GlobalSection(ProjectConfigurationPlatforms) = postSolution
		{461C88AC-3618-4FC2-B10F-AEE0A6CF23B4}.Debug|Any CPU.ActiveCfg = Debug|Any CPU
		{461C88AC-3618-4FC2-B10F-AEE0A6CF23B4}.Debug|Any CPU.Build.0 = Debug|Any CPU
		{461C88AC-3618-4FC2-B10F-AEE0A6CF23B4}.Release|Any CPU.ActiveCfg = Release|Any CPU
		{461C88AC-3618-4FC2-B10F-AEE0A6CF23B4}.Release|Any CPU.Build.0 = Release|Any CPU
	EndGlobalSection
	GlobalSection(SolutionProperties) = preSolution
		HideSolutionNode = FALSE
	EndGlobalSection
	GlobalSection(ExtensibilityGlobals) = postSolution
		SolutionGuid = {2D3D52B0-A40B-41CD-A179-A6FB3A412A0B}
	EndGlobalSection
EndGlobal
