
Microsoft Visual Studio Solution File, Format Version 12.00
# Visual Studio Version 17
VisualStudioVersion = 17.6.33829.357
MinimumVisualStudioVersion = 10.0.40219.1
Project("{FAE04EC0-301F-11D3-BF4B-00C04F79EFBC}") = "11.157.Trees___", "11.157.Trees___.csproj", "{2C150602-71CD-4400-AD26-E3DD1F9C7991}"
EndProject
Global
	GlobalSection(SolutionConfigurationPlatforms) = preSolution
		Debug|Any CPU = Debug|Any CPU
		Release|Any CPU = Release|Any CPU
	EndGlobalSection
	GlobalSection(ProjectConfigurationPlatforms) = postSolution
		{2C150602-71CD-4400-AD26-E3DD1F9C7991}.Debug|Any CPU.ActiveCfg = Debug|Any CPU
		{2C150602-71CD-4400-AD26-E3DD1F9C7991}.Debug|Any CPU.Build.0 = Debug|Any CPU
		{2C150602-71CD-4400-AD26-E3DD1F9C7991}.Release|Any CPU.ActiveCfg = Release|Any CPU
		{2C150602-71CD-4400-AD26-E3DD1F9C7991}.Release|Any CPU.Build.0 = Release|Any CPU
	EndGlobalSection
	GlobalSection(SolutionProperties) = preSolution
		HideSolutionNode = FALSE
	EndGlobalSection
	GlobalSection(ExtensibilityGlobals) = postSolution
		SolutionGuid = {CB282E42-875F-4286-BB84-E1003A84B39E}
	EndGlobalSection
EndGlobal
