
Microsoft Visual Studio Solution File, Format Version 12.00
# Visual Studio Version 17
VisualStudioVersion = 17.6.33829.357
MinimumVisualStudioVersion = 10.0.40219.1
Project("{FAE04EC0-301F-11D3-BF4B-00C04F79EFBC}") = "8.100.ReadKey", "8.100.ReadKey.csproj", "{743AF07A-CF65-4E75-A9A8-37A4BED05FE3}"
EndProject
Global
	GlobalSection(SolutionConfigurationPlatforms) = preSolution
		Debug|Any CPU = Debug|Any CPU
		Release|Any CPU = Release|Any CPU
	EndGlobalSection
	GlobalSection(ProjectConfigurationPlatforms) = postSolution
		{743AF07A-CF65-4E75-A9A8-37A4BED05FE3}.Debug|Any CPU.ActiveCfg = Debug|Any CPU
		{743AF07A-CF65-4E75-A9A8-37A4BED05FE3}.Debug|Any CPU.Build.0 = Debug|Any CPU
		{743AF07A-CF65-4E75-A9A8-37A4BED05FE3}.Release|Any CPU.ActiveCfg = Release|Any CPU
		{743AF07A-CF65-4E75-A9A8-37A4BED05FE3}.Release|Any CPU.Build.0 = Release|Any CPU
	EndGlobalSection
	GlobalSection(SolutionProperties) = preSolution
		HideSolutionNode = FALSE
	EndGlobalSection
	GlobalSection(ExtensibilityGlobals) = postSolution
		SolutionGuid = {991C56F5-65A6-4204-AF80-8E860F673106}
	EndGlobalSection
EndGlobal
