
Microsoft Visual Studio Solution File, Format Version 12.00
# Visual Studio Version 17
VisualStudioVersion = 17.6.33829.357
MinimumVisualStudioVersion = 10.0.40219.1
Project("{FAE04EC0-301F-11D3-BF4B-00C04F79EFBC}") = "8.102.ReadFromFile", "8.102.ReadFromFile.csproj", "{186774A1-CCB2-49F0-9872-F629DD6700A3}"
EndProject
Global
	GlobalSection(SolutionConfigurationPlatforms) = preSolution
		Debug|Any CPU = Debug|Any CPU
		Release|Any CPU = Release|Any CPU
	EndGlobalSection
	GlobalSection(ProjectConfigurationPlatforms) = postSolution
		{186774A1-CCB2-49F0-9872-F629DD6700A3}.Debug|Any CPU.ActiveCfg = Debug|Any CPU
		{186774A1-CCB2-49F0-9872-F629DD6700A3}.Debug|Any CPU.Build.0 = Debug|Any CPU
		{186774A1-CCB2-49F0-9872-F629DD6700A3}.Release|Any CPU.ActiveCfg = Release|Any CPU
		{186774A1-CCB2-49F0-9872-F629DD6700A3}.Release|Any CPU.Build.0 = Release|Any CPU
	EndGlobalSection
	GlobalSection(SolutionProperties) = preSolution
		HideSolutionNode = FALSE
	EndGlobalSection
	GlobalSection(ExtensibilityGlobals) = postSolution
		SolutionGuid = {087B29CA-2841-4913-948E-AC9517F3FBEF}
	EndGlobalSection
EndGlobal
