
Microsoft Visual Studio Solution File, Format Version 12.00
# Visual Studio Version 17
VisualStudioVersion = 17.6.33829.357
MinimumVisualStudioVersion = 10.0.40219.1
Project("{FAE04EC0-301F-11D3-BF4B-00C04F79EFBC}") = "4.44.typeof_operator", "4.44.typeof_operator.csproj", "{A94BDF58-6B41-4079-A992-D40AE217E323}"
EndProject
Global
	GlobalSection(SolutionConfigurationPlatforms) = preSolution
		Debug|Any CPU = Debug|Any CPU
		Release|Any CPU = Release|Any CPU
	EndGlobalSection
	GlobalSection(ProjectConfigurationPlatforms) = postSolution
		{A94BDF58-6B41-4079-A992-D40AE217E323}.Debug|Any CPU.ActiveCfg = Debug|Any CPU
		{A94BDF58-6B41-4079-A992-D40AE217E323}.Debug|Any CPU.Build.0 = Debug|Any CPU
		{A94BDF58-6B41-4079-A992-D40AE217E323}.Release|Any CPU.ActiveCfg = Release|Any CPU
		{A94BDF58-6B41-4079-A992-D40AE217E323}.Release|Any CPU.Build.0 = Release|Any CPU
	EndGlobalSection
	GlobalSection(SolutionProperties) = preSolution
		HideSolutionNode = FALSE
	EndGlobalSection
	GlobalSection(ExtensibilityGlobals) = postSolution
		SolutionGuid = {D265DB41-CF6C-438E-8D2B-911309118F77}
	EndGlobalSection
EndGlobal
