
Microsoft Visual Studio Solution File, Format Version 12.00
# Visual Studio Version 17
VisualStudioVersion = 17.7.34003.232
MinimumVisualStudioVersion = 10.0.40219.1
Project("{FAE04EC0-301F-11D3-BF4B-00C04F79EFBC}") = "WPFOpeningCustomWindows", "WPFOpeningCustomWindows.csproj", "{446B81FA-7CC7-4F8A-B99D-8CE67E19E30D}"
EndProject
Global
	GlobalSection(SolutionConfigurationPlatforms) = preSolution
		Debug|Any CPU = Debug|Any CPU
		Release|Any CPU = Release|Any CPU
	EndGlobalSection
	GlobalSection(ProjectConfigurationPlatforms) = postSolution
		{446B81FA-7CC7-4F8A-B99D-8CE67E19E30D}.Debug|Any CPU.ActiveCfg = Debug|Any CPU
		{446B81FA-7CC7-4F8A-B99D-8CE67E19E30D}.Debug|Any CPU.Build.0 = Debug|Any CPU
		{446B81FA-7CC7-4F8A-B99D-8CE67E19E30D}.Release|Any CPU.ActiveCfg = Release|Any CPU
		{446B81FA-7CC7-4F8A-B99D-8CE67E19E30D}.Release|Any CPU.Build.0 = Release|Any CPU
	EndGlobalSection
	GlobalSection(SolutionProperties) = preSolution
		HideSolutionNode = FALSE
	EndGlobalSection
	GlobalSection(ExtensibilityGlobals) = postSolution
		SolutionGuid = {8506FB83-5C0A-43A9-A624-473FA395DCD7}
	EndGlobalSection
EndGlobal
