
Microsoft Visual Studio Solution File, Format Version 12.00
# Visual Studio Version 17
VisualStudioVersion = 17.7.34003.232
MinimumVisualStudioVersion = 10.0.40219.1
Project("{FAE04EC0-301F-11D3-BF4B-00C04F79EFBC}") = "WPFMVVMTest1", "WPFMVVMTest1.csproj", "{A660BCC2-9130-44F8-849B-17A37FE5B79C}"
EndProject
Global
	GlobalSection(SolutionConfigurationPlatforms) = preSolution
		Debug|Any CPU = Debug|Any CPU
		Release|Any CPU = Release|Any CPU
	EndGlobalSection
	GlobalSection(ProjectConfigurationPlatforms) = postSolution
		{A660BCC2-9130-44F8-849B-17A37FE5B79C}.Debug|Any CPU.ActiveCfg = Debug|Any CPU
		{A660BCC2-9130-44F8-849B-17A37FE5B79C}.Debug|Any CPU.Build.0 = Debug|Any CPU
		{A660BCC2-9130-44F8-849B-17A37FE5B79C}.Release|Any CPU.ActiveCfg = Release|Any CPU
		{A660BCC2-9130-44F8-849B-17A37FE5B79C}.Release|Any CPU.Build.0 = Release|Any CPU
	EndGlobalSection
	GlobalSection(SolutionProperties) = preSolution
		HideSolutionNode = FALSE
	EndGlobalSection
	GlobalSection(ExtensibilityGlobals) = postSolution
		SolutionGuid = {7DE0A107-CC60-4113-ABA3-3E8C7328A194}
	EndGlobalSection
EndGlobal
