
Microsoft Visual Studio Solution File, Format Version 12.00
# Visual Studio Version 17
VisualStudioVersion = 17.7.34003.232
MinimumVisualStudioVersion = 10.0.40219.1
Project("{FAE04EC0-301F-11D3-BF4B-00C04F79EFBC}") = "39.477.CodingTheApp.Android", "39.477.CodingTheApp.Android\39.477.CodingTheApp.Android.csproj", "{745D53A7-BC15-44FA-B09C-4CECA227D2B0}"
EndProject
Project("{FAE04EC0-301F-11D3-BF4B-00C04F79EFBC}") = "39.477.CodingTheApp.iOS", "39.477.CodingTheApp.iOS\39.477.CodingTheApp.iOS.csproj", "{42202B31-BB75-4D9B-9BF4-708B0C0718CB}"
EndProject
Project("{FAE04EC0-301F-11D3-BF4B-00C04F79EFBC}") = "39.477.CodingTheApp", "39.477.CodingTheApp\39.477.CodingTheApp.csproj", "{254753AF-EA50-4FBF-BCAC-172803DA91BD}"
EndProject
Global
	GlobalSection(SolutionConfigurationPlatforms) = preSolution
		Debug|Any CPU = Debug|Any CPU
		Debug|iPhone = Debug|iPhone
		Debug|iPhoneSimulator = Debug|iPhoneSimulator
		Release|Any CPU = Release|Any CPU
		Release|iPhone = Release|iPhone
		Release|iPhoneSimulator = Release|iPhoneSimulator
	EndGlobalSection
	GlobalSection(ProjectConfigurationPlatforms) = postSolution
		{745D53A7-BC15-44FA-B09C-4CECA227D2B0}.Debug|Any CPU.ActiveCfg = Debug|Any CPU
		{745D53A7-BC15-44FA-B09C-4CECA227D2B0}.Debug|Any CPU.Build.0 = Debug|Any CPU
		{745D53A7-BC15-44FA-B09C-4CECA227D2B0}.Debug|Any CPU.Deploy.0 = Debug|Any CPU
		{745D53A7-BC15-44FA-B09C-4CECA227D2B0}.Debug|iPhone.ActiveCfg = Debug|Any CPU
		{745D53A7-BC15-44FA-B09C-4CECA227D2B0}.Debug|iPhone.Build.0 = Debug|Any CPU
		{745D53A7-BC15-44FA-B09C-4CECA227D2B0}.Debug|iPhone.Deploy.0 = Debug|Any CPU
		{745D53A7-BC15-44FA-B09C-4CECA227D2B0}.Debug|iPhoneSimulator.ActiveCfg = Debug|Any CPU
		{745D53A7-BC15-44FA-B09C-4CECA227D2B0}.Debug|iPhoneSimulator.Build.0 = Debug|Any CPU
		{745D53A7-BC15-44FA-B09C-4CECA227D2B0}.Debug|iPhoneSimulator.Deploy.0 = Debug|Any CPU
		{745D53A7-BC15-44FA-B09C-4CECA227D2B0}.Release|Any CPU.ActiveCfg = Release|Any CPU
		{745D53A7-BC15-44FA-B09C-4CECA227D2B0}.Release|Any CPU.Build.0 = Release|Any CPU
		{745D53A7-BC15-44FA-B09C-4CECA227D2B0}.Release|Any CPU.Deploy.0 = Release|Any CPU
		{745D53A7-BC15-44FA-B09C-4CECA227D2B0}.Release|iPhone.ActiveCfg = Release|Any CPU
		{745D53A7-BC15-44FA-B09C-4CECA227D2B0}.Release|iPhone.Build.0 = Release|Any CPU
		{745D53A7-BC15-44FA-B09C-4CECA227D2B0}.Release|iPhone.Deploy.0 = Release|Any CPU
		{745D53A7-BC15-44FA-B09C-4CECA227D2B0}.Release|iPhoneSimulator.ActiveCfg = Release|Any CPU
		{745D53A7-BC15-44FA-B09C-4CECA227D2B0}.Release|iPhoneSimulator.Build.0 = Release|Any CPU
		{745D53A7-BC15-44FA-B09C-4CECA227D2B0}.Release|iPhoneSimulator.Deploy.0 = Release|Any CPU
		{42202B31-BB75-4D9B-9BF4-708B0C0718CB}.Debug|Any CPU.ActiveCfg = Debug|iPhone
		{42202B31-BB75-4D9B-9BF4-708B0C0718CB}.Debug|Any CPU.Build.0 = Debug|iPhone
		{42202B31-BB75-4D9B-9BF4-708B0C0718CB}.Debug|Any CPU.Deploy.0 = Debug|iPhone
		{42202B31-BB75-4D9B-9BF4-708B0C0718CB}.Debug|iPhone.ActiveCfg = Debug|iPhone
		{42202B31-BB75-4D9B-9BF4-708B0C0718CB}.Debug|iPhone.Build.0 = Debug|iPhone
		{42202B31-BB75-4D9B-9BF4-708B0C0718CB}.Debug|iPhone.Deploy.0 = Debug|iPhone
		{42202B31-BB75-4D9B-9BF4-708B0C0718CB}.Debug|iPhoneSimulator.ActiveCfg = Debug|iPhoneSimulator
		{42202B31-BB75-4D9B-9BF4-708B0C0718CB}.Debug|iPhoneSimulator.Build.0 = Debug|iPhoneSimulator
		{42202B31-BB75-4D9B-9BF4-708B0C0718CB}.Debug|iPhoneSimulator.Deploy.0 = Debug|iPhoneSimulator
		{42202B31-BB75-4D9B-9BF4-708B0C0718CB}.Release|Any CPU.ActiveCfg = Release|iPhoneSimulator
		{42202B31-BB75-4D9B-9BF4-708B0C0718CB}.Release|Any CPU.Build.0 = Release|iPhoneSimulator
		{42202B31-BB75-4D9B-9BF4-708B0C0718CB}.Release|Any CPU.Deploy.0 = Release|iPhoneSimulator
		{42202B31-BB75-4D9B-9BF4-708B0C0718CB}.Release|iPhone.ActiveCfg = Release|iPhone
		{42202B31-BB75-4D9B-9BF4-708B0C0718CB}.Release|iPhone.Build.0 = Release|iPhone
		{42202B31-BB75-4D9B-9BF4-708B0C0718CB}.Release|iPhone.Deploy.0 = Release|iPhone
		{42202B31-BB75-4D9B-9BF4-708B0C0718CB}.Release|iPhoneSimulator.ActiveCfg = Release|iPhoneSimulator
		{42202B31-BB75-4D9B-9BF4-708B0C0718CB}.Release|iPhoneSimulator.Build.0 = Release|iPhoneSimulator
		{42202B31-BB75-4D9B-9BF4-708B0C0718CB}.Release|iPhoneSimulator.Deploy.0 = Release|iPhoneSimulator
		{254753AF-EA50-4FBF-BCAC-172803DA91BD}.Debug|Any CPU.ActiveCfg = Debug|Any CPU
		{254753AF-EA50-4FBF-BCAC-172803DA91BD}.Debug|Any CPU.Build.0 = Debug|Any CPU
		{254753AF-EA50-4FBF-BCAC-172803DA91BD}.Debug|Any CPU.Deploy.0 = Debug|Any CPU
		{254753AF-EA50-4FBF-BCAC-172803DA91BD}.Debug|iPhone.ActiveCfg = Debug|Any CPU
		{254753AF-EA50-4FBF-BCAC-172803DA91BD}.Debug|iPhone.Build.0 = Debug|Any CPU
		{254753AF-EA50-4FBF-BCAC-172803DA91BD}.Debug|iPhone.Deploy.0 = Debug|Any CPU
		{254753AF-EA50-4FBF-BCAC-172803DA91BD}.Debug|iPhoneSimulator.ActiveCfg = Debug|Any CPU
		{254753AF-EA50-4FBF-BCAC-172803DA91BD}.Debug|iPhoneSimulator.Build.0 = Debug|Any CPU
		{254753AF-EA50-4FBF-BCAC-172803DA91BD}.Debug|iPhoneSimulator.Deploy.0 = Debug|Any CPU
		{254753AF-EA50-4FBF-BCAC-172803DA91BD}.Release|Any CPU.ActiveCfg = Release|Any CPU
		{254753AF-EA50-4FBF-BCAC-172803DA91BD}.Release|Any CPU.Build.0 = Release|Any CPU
		{254753AF-EA50-4FBF-BCAC-172803DA91BD}.Release|Any CPU.Deploy.0 = Release|Any CPU
		{254753AF-EA50-4FBF-BCAC-172803DA91BD}.Release|iPhone.ActiveCfg = Release|Any CPU
		{254753AF-EA50-4FBF-BCAC-172803DA91BD}.Release|iPhone.Build.0 = Release|Any CPU
		{254753AF-EA50-4FBF-BCAC-172803DA91BD}.Release|iPhone.Deploy.0 = Release|Any CPU
		{254753AF-EA50-4FBF-BCAC-172803DA91BD}.Release|iPhoneSimulator.ActiveCfg = Release|Any CPU
		{254753AF-EA50-4FBF-BCAC-172803DA91BD}.Release|iPhoneSimulator.Build.0 = Release|Any CPU
		{254753AF-EA50-4FBF-BCAC-172803DA91BD}.Release|iPhoneSimulator.Deploy.0 = Release|Any CPU
	EndGlobalSection
	GlobalSection(SolutionProperties) = preSolution
		HideSolutionNode = FALSE
	EndGlobalSection
	GlobalSection(ExtensibilityGlobals) = postSolution
		SolutionGuid = {F52C96FC-A57D-44F2-8282-F06A90DABDA4}
	EndGlobalSection
EndGlobal
