
Microsoft Visual Studio Solution File, Format Version 12.00
# Visual Studio Version 17
VisualStudioVersion = 17.7.34009.444
MinimumVisualStudioVersion = 10.0.40219.1
Project("{FAE04EC0-301F-11D3-BF4B-00C04F79EFBC}") = "10_WPF_Tutorial_v2", "10_WPF_Tutorial_v2.csproj", "{64E5A8B1-8918-4CB2-AB6F-9C8C99E92289}"
EndProject
Global
	GlobalSection(SolutionConfigurationPlatforms) = preSolution
		Debug|Any CPU = Debug|Any CPU
		Release|Any CPU = Release|Any CPU
	EndGlobalSection
	GlobalSection(ProjectConfigurationPlatforms) = postSolution
		{64E5A8B1-8918-4CB2-AB6F-9C8C99E92289}.Debug|Any CPU.ActiveCfg = Debug|Any CPU
		{64E5A8B1-8918-4CB2-AB6F-9C8C99E92289}.Debug|Any CPU.Build.0 = Debug|Any CPU
		{64E5A8B1-8918-4CB2-AB6F-9C8C99E92289}.Release|Any CPU.ActiveCfg = Release|Any CPU
		{64E5A8B1-8918-4CB2-AB6F-9C8C99E92289}.Release|Any CPU.Build.0 = Release|Any CPU
	EndGlobalSection
	GlobalSection(SolutionProperties) = preSolution
		HideSolutionNode = FALSE
	EndGlobalSection
	GlobalSection(ExtensibilityGlobals) = postSolution
		SolutionGuid = {AB43CDB3-0C1A-48CE-B766-DA9E68546501}
	EndGlobalSection
EndGlobal
