
Microsoft Visual Studio Solution File, Format Version 12.00
# Visual Studio Version 17
VisualStudioVersion = 17.7.34009.444
MinimumVisualStudioVersion = 10.0.40219.1
Project("{FAE04EC0-301F-11D3-BF4B-00C04F79EFBC}") = "16.206.Sorting.QuickSortMethod", "16.206.Sorting.QuickSortMethod.csproj", "{A785BB34-4145-4473-89C5-2BB7490D8E88}"
EndProject
Global
	GlobalSection(SolutionConfigurationPlatforms) = preSolution
		Debug|Any CPU = Debug|Any CPU
		Release|Any CPU = Release|Any CPU
	EndGlobalSection
	GlobalSection(ProjectConfigurationPlatforms) = postSolution
		{A785BB34-4145-4473-89C5-2BB7490D8E88}.Debug|Any CPU.ActiveCfg = Debug|Any CPU
		{A785BB34-4145-4473-89C5-2BB7490D8E88}.Debug|Any CPU.Build.0 = Debug|Any CPU
		{A785BB34-4145-4473-89C5-2BB7490D8E88}.Release|Any CPU.ActiveCfg = Release|Any CPU
		{A785BB34-4145-4473-89C5-2BB7490D8E88}.Release|Any CPU.Build.0 = Release|Any CPU
	EndGlobalSection
	GlobalSection(SolutionProperties) = preSolution
		HideSolutionNode = FALSE
	EndGlobalSection
	GlobalSection(ExtensibilityGlobals) = postSolution
		SolutionGuid = {1135C608-2E11-4948-AEB0-514F017A2915}
	EndGlobalSection
EndGlobal
