
Microsoft Visual Studio Solution File, Format Version 12.00
# Visual Studio Version 17
VisualStudioVersion = 17.6.33829.357
MinimumVisualStudioVersion = 10.0.40219.1
Project("{FAE04EC0-301F-11D3-BF4B-00C04F79EFBC}") = "11.145.1.Lists___", "11.145.1.Lists___.csproj", "{757DF49A-E3D4-4DEF-A82A-819DDEFF5C6A}"
EndProject
Global
	GlobalSection(SolutionConfigurationPlatforms) = preSolution
		Debug|Any CPU = Debug|Any CPU
		Release|Any CPU = Release|Any CPU
	EndGlobalSection
	GlobalSection(ProjectConfigurationPlatforms) = postSolution
		{757DF49A-E3D4-4DEF-A82A-819DDEFF5C6A}.Debug|Any CPU.ActiveCfg = Debug|Any CPU
		{757DF49A-E3D4-4DEF-A82A-819DDEFF5C6A}.Debug|Any CPU.Build.0 = Debug|Any CPU
		{757DF49A-E3D4-4DEF-A82A-819DDEFF5C6A}.Release|Any CPU.ActiveCfg = Release|Any CPU
		{757DF49A-E3D4-4DEF-A82A-819DDEFF5C6A}.Release|Any CPU.Build.0 = Release|Any CPU
	EndGlobalSection
	GlobalSection(SolutionProperties) = preSolution
		HideSolutionNode = FALSE
	EndGlobalSection
	GlobalSection(ExtensibilityGlobals) = postSolution
		SolutionGuid = {F932EF5C-B334-4A8B-90CD-FC802D5FCA06}
	EndGlobalSection
EndGlobal
