
Microsoft Visual Studio Solution File, Format Version 12.00
# Visual Studio Version 17
VisualStudioVersion = 17.6.33829.357
MinimumVisualStudioVersion = 10.0.40219.1
Project("{FAE04EC0-301F-11D3-BF4B-00C04F79EFBC}") = "7.83.if.elseif.else", "7.83.if.elseif.else.csproj", "{023937AE-0EA9-41EC-B1B3-DC0B60C63E75}"
EndProject
Global
	GlobalSection(SolutionConfigurationPlatforms) = preSolution
		Debug|Any CPU = Debug|Any CPU
		Release|Any CPU = Release|Any CPU
	EndGlobalSection
	GlobalSection(ProjectConfigurationPlatforms) = postSolution
		{023937AE-0EA9-41EC-B1B3-DC0B60C63E75}.Debug|Any CPU.ActiveCfg = Debug|Any CPU
		{023937AE-0EA9-41EC-B1B3-DC0B60C63E75}.Debug|Any CPU.Build.0 = Debug|Any CPU
		{023937AE-0EA9-41EC-B1B3-DC0B60C63E75}.Release|Any CPU.ActiveCfg = Release|Any CPU
		{023937AE-0EA9-41EC-B1B3-DC0B60C63E75}.Release|Any CPU.Build.0 = Release|Any CPU
	EndGlobalSection
	GlobalSection(SolutionProperties) = preSolution
		HideSolutionNode = FALSE
	EndGlobalSection
	GlobalSection(ExtensibilityGlobals) = postSolution
		SolutionGuid = {829EE718-50C1-445B-AE46-0BBED160FAA2}
	EndGlobalSection
EndGlobal
