
Microsoft Visual Studio Solution File, Format Version 12.00
# Visual Studio Version 17
VisualStudioVersion = 17.6.33829.357
MinimumVisualStudioVersion = 10.0.40219.1
Project("{FAE04EC0-301F-11D3-BF4B-00C04F79EFBC}") = "4.50.built-inDataTypes", "4.50.built-inDataTypes.csproj", "{0D05F2A1-6EE3-4046-BAA6-A2A1D72DB942}"
EndProject
Global
	GlobalSection(SolutionConfigurationPlatforms) = preSolution
		Debug|Any CPU = Debug|Any CPU
		Release|Any CPU = Release|Any CPU
	EndGlobalSection
	GlobalSection(ProjectConfigurationPlatforms) = postSolution
		{0D05F2A1-6EE3-4046-BAA6-A2A1D72DB942}.Debug|Any CPU.ActiveCfg = Debug|Any CPU
		{0D05F2A1-6EE3-4046-BAA6-A2A1D72DB942}.Debug|Any CPU.Build.0 = Debug|Any CPU
		{0D05F2A1-6EE3-4046-BAA6-A2A1D72DB942}.Release|Any CPU.ActiveCfg = Release|Any CPU
		{0D05F2A1-6EE3-4046-BAA6-A2A1D72DB942}.Release|Any CPU.Build.0 = Release|Any CPU
	EndGlobalSection
	GlobalSection(SolutionProperties) = preSolution
		HideSolutionNode = FALSE
	EndGlobalSection
	GlobalSection(ExtensibilityGlobals) = postSolution
		SolutionGuid = {AA5533CF-DC60-4310-8AB2-C1C11C9A0C2E}
	EndGlobalSection
EndGlobal
