
Microsoft Visual Studio Solution File, Format Version 12.00
# Visual Studio Version 17
VisualStudioVersion = 17.7.34009.444
MinimumVisualStudioVersion = 10.0.40219.1
Project("{FAE04EC0-301F-11D3-BF4B-00C04F79EFBC}") = "06_WPF_Tutorial_v4", "06_WPF_Tutorial_v4.csproj", "{6AB8518D-7A95-4172-8163-9054D4AAC517}"
EndProject
Global
	GlobalSection(SolutionConfigurationPlatforms) = preSolution
		Debug|Any CPU = Debug|Any CPU
		Release|Any CPU = Release|Any CPU
	EndGlobalSection
	GlobalSection(ProjectConfigurationPlatforms) = postSolution
		{6AB8518D-7A95-4172-8163-9054D4AAC517}.Debug|Any CPU.ActiveCfg = Debug|Any CPU
		{6AB8518D-7A95-4172-8163-9054D4AAC517}.Debug|Any CPU.Build.0 = Debug|Any CPU
		{6AB8518D-7A95-4172-8163-9054D4AAC517}.Release|Any CPU.ActiveCfg = Release|Any CPU
		{6AB8518D-7A95-4172-8163-9054D4AAC517}.Release|Any CPU.Build.0 = Release|Any CPU
	EndGlobalSection
	GlobalSection(SolutionProperties) = preSolution
		HideSolutionNode = FALSE
	EndGlobalSection
	GlobalSection(ExtensibilityGlobals) = postSolution
		SolutionGuid = {46AAAD9B-23B8-43E7-A9F8-2ED2915851EA}
	EndGlobalSection
EndGlobal
