
Microsoft Visual Studio Solution File, Format Version 12.00
# Visual Studio Version 17
VisualStudioVersion = 17.6.33829.357
MinimumVisualStudioVersion = 10.0.40219.1
Project("{FAE04EC0-301F-11D3-BF4B-00C04F79EFBC}") = "4.62.StringBuilderClass", "4.62.StringBuilderClass.csproj", "{07E9DD89-56D2-4F6E-95BD-E07C6242E4DB}"
EndProject
Global
	GlobalSection(SolutionConfigurationPlatforms) = preSolution
		Debug|Any CPU = Debug|Any CPU
		Release|Any CPU = Release|Any CPU
	EndGlobalSection
	GlobalSection(ProjectConfigurationPlatforms) = postSolution
		{07E9DD89-56D2-4F6E-95BD-E07C6242E4DB}.Debug|Any CPU.ActiveCfg = Debug|Any CPU
		{07E9DD89-56D2-4F6E-95BD-E07C6242E4DB}.Debug|Any CPU.Build.0 = Debug|Any CPU
		{07E9DD89-56D2-4F6E-95BD-E07C6242E4DB}.Release|Any CPU.ActiveCfg = Release|Any CPU
		{07E9DD89-56D2-4F6E-95BD-E07C6242E4DB}.Release|Any CPU.Build.0 = Release|Any CPU
	EndGlobalSection
	GlobalSection(SolutionProperties) = preSolution
		HideSolutionNode = FALSE
	EndGlobalSection
	GlobalSection(ExtensibilityGlobals) = postSolution
		SolutionGuid = {D2AC93F5-7C4B-4260-97C5-03944578373D}
	EndGlobalSection
EndGlobal
