
Microsoft Visual Studio Solution File, Format Version 12.00
# Visual Studio Version 17
VisualStudioVersion = 17.7.34009.444
MinimumVisualStudioVersion = 10.0.40219.1
Project("{FAE04EC0-301F-11D3-BF4B-00C04F79EFBC}") = "22.274.LINQ.OfTypeAndWhere", "22.274.LINQ.OfTypeAndWhere.csproj", "{DD596B21-D0D5-4B6C-A0B3-D8BEF454DE4A}"
EndProject
Global
	GlobalSection(SolutionConfigurationPlatforms) = preSolution
		Debug|Any CPU = Debug|Any CPU
		Release|Any CPU = Release|Any CPU
	EndGlobalSection
	GlobalSection(ProjectConfigurationPlatforms) = postSolution
		{DD596B21-D0D5-4B6C-A0B3-D8BEF454DE4A}.Debug|Any CPU.ActiveCfg = Debug|Any CPU
		{DD596B21-D0D5-4B6C-A0B3-D8BEF454DE4A}.Debug|Any CPU.Build.0 = Debug|Any CPU
		{DD596B21-D0D5-4B6C-A0B3-D8BEF454DE4A}.Release|Any CPU.ActiveCfg = Release|Any CPU
		{DD596B21-D0D5-4B6C-A0B3-D8BEF454DE4A}.Release|Any CPU.Build.0 = Release|Any CPU
	EndGlobalSection
	GlobalSection(SolutionProperties) = preSolution
		HideSolutionNode = FALSE
	EndGlobalSection
	GlobalSection(ExtensibilityGlobals) = postSolution
		SolutionGuid = {3F975E6C-A1A9-4C2B-AD5E-FDAB1CED4EA2}
	EndGlobalSection
EndGlobal
