
Microsoft Visual Studio Solution File, Format Version 12.00
# Visual Studio Version 17
VisualStudioVersion = 17.7.34009.444
MinimumVisualStudioVersion = 10.0.40219.1
Project("{FAE04EC0-301F-11D3-BF4B-00C04F79EFBC}") = "05_WPF_Tutorial", "05_WPF_Tutorial.csproj", "{8B6F935C-93CF-46A5-82E3-4A6A36F66BCA}"
EndProject
Global
	GlobalSection(SolutionConfigurationPlatforms) = preSolution
		Debug|Any CPU = Debug|Any CPU
		Release|Any CPU = Release|Any CPU
	EndGlobalSection
	GlobalSection(ProjectConfigurationPlatforms) = postSolution
		{8B6F935C-93CF-46A5-82E3-4A6A36F66BCA}.Debug|Any CPU.ActiveCfg = Debug|Any CPU
		{8B6F935C-93CF-46A5-82E3-4A6A36F66BCA}.Debug|Any CPU.Build.0 = Debug|Any CPU
		{8B6F935C-93CF-46A5-82E3-4A6A36F66BCA}.Release|Any CPU.ActiveCfg = Release|Any CPU
		{8B6F935C-93CF-46A5-82E3-4A6A36F66BCA}.Release|Any CPU.Build.0 = Release|Any CPU
	EndGlobalSection
	GlobalSection(SolutionProperties) = preSolution
		HideSolutionNode = FALSE
	EndGlobalSection
	GlobalSection(ExtensibilityGlobals) = postSolution
		SolutionGuid = {C2B2D014-0CF4-4901-A1A5-0A0E88C85C85}
	EndGlobalSection
EndGlobal
