
Microsoft Visual Studio Solution File, Format Version 12.00
# Visual Studio Version 17
VisualStudioVersion = 17.6.33829.357
MinimumVisualStudioVersion = 10.0.40219.1
Project("{FAE04EC0-301F-11D3-BF4B-00C04F79EFBC}") = "MyNewApp.Android", "MyNewApp.Android\MyNewApp.Android.csproj", "{170A25DA-2657-42D5-99BA-209ABF7BE67F}"
EndProject
Project("{FAE04EC0-301F-11D3-BF4B-00C04F79EFBC}") = "MyNewApp.iOS", "MyNewApp.iOS\MyNewApp.iOS.csproj", "{C4857C47-8D4A-44BD-B07F-3315DF80BC8B}"
EndProject
Project("{FAE04EC0-301F-11D3-BF4B-00C04F79EFBC}") = "MyNewApp", "MyNewApp\MyNewApp.csproj", "{A6A0C156-8D80-4911-9B93-94687CD76FAC}"
EndProject
Global
	GlobalSection(SolutionConfigurationPlatforms) = preSolution
		Debug|Any CPU = Debug|Any CPU
		Debug|iPhone = Debug|iPhone
		Debug|iPhoneSimulator = Debug|iPhoneSimulator
		Release|Any CPU = Release|Any CPU
		Release|iPhone = Release|iPhone
		Release|iPhoneSimulator = Release|iPhoneSimulator
	EndGlobalSection
	GlobalSection(ProjectConfigurationPlatforms) = postSolution
		{170A25DA-2657-42D5-99BA-209ABF7BE67F}.Debug|Any CPU.ActiveCfg = Debug|Any CPU
		{170A25DA-2657-42D5-99BA-209ABF7BE67F}.Debug|Any CPU.Build.0 = Debug|Any CPU
		{170A25DA-2657-42D5-99BA-209ABF7BE67F}.Debug|Any CPU.Deploy.0 = Debug|Any CPU
		{170A25DA-2657-42D5-99BA-209ABF7BE67F}.Debug|iPhone.ActiveCfg = Debug|Any CPU
		{170A25DA-2657-42D5-99BA-209ABF7BE67F}.Debug|iPhone.Build.0 = Debug|Any CPU
		{170A25DA-2657-42D5-99BA-209ABF7BE67F}.Debug|iPhone.Deploy.0 = Debug|Any CPU
		{170A25DA-2657-42D5-99BA-209ABF7BE67F}.Debug|iPhoneSimulator.ActiveCfg = Debug|Any CPU
		{170A25DA-2657-42D5-99BA-209ABF7BE67F}.Debug|iPhoneSimulator.Build.0 = Debug|Any CPU
		{170A25DA-2657-42D5-99BA-209ABF7BE67F}.Debug|iPhoneSimulator.Deploy.0 = Debug|Any CPU
		{170A25DA-2657-42D5-99BA-209ABF7BE67F}.Release|Any CPU.ActiveCfg = Release|Any CPU
		{170A25DA-2657-42D5-99BA-209ABF7BE67F}.Release|Any CPU.Build.0 = Release|Any CPU
		{170A25DA-2657-42D5-99BA-209ABF7BE67F}.Release|Any CPU.Deploy.0 = Release|Any CPU
		{170A25DA-2657-42D5-99BA-209ABF7BE67F}.Release|iPhone.ActiveCfg = Release|Any CPU
		{170A25DA-2657-42D5-99BA-209ABF7BE67F}.Release|iPhone.Build.0 = Release|Any CPU
		{170A25DA-2657-42D5-99BA-209ABF7BE67F}.Release|iPhone.Deploy.0 = Release|Any CPU
		{170A25DA-2657-42D5-99BA-209ABF7BE67F}.Release|iPhoneSimulator.ActiveCfg = Release|Any CPU
		{170A25DA-2657-42D5-99BA-209ABF7BE67F}.Release|iPhoneSimulator.Build.0 = Release|Any CPU
		{170A25DA-2657-42D5-99BA-209ABF7BE67F}.Release|iPhoneSimulator.Deploy.0 = Release|Any CPU
		{C4857C47-8D4A-44BD-B07F-3315DF80BC8B}.Debug|Any CPU.ActiveCfg = Debug|iPhone
		{C4857C47-8D4A-44BD-B07F-3315DF80BC8B}.Debug|Any CPU.Build.0 = Debug|iPhone
		{C4857C47-8D4A-44BD-B07F-3315DF80BC8B}.Debug|Any CPU.Deploy.0 = Debug|iPhone
		{C4857C47-8D4A-44BD-B07F-3315DF80BC8B}.Debug|iPhone.ActiveCfg = Debug|iPhone
		{C4857C47-8D4A-44BD-B07F-3315DF80BC8B}.Debug|iPhone.Build.0 = Debug|iPhone
		{C4857C47-8D4A-44BD-B07F-3315DF80BC8B}.Debug|iPhone.Deploy.0 = Debug|iPhone
		{C4857C47-8D4A-44BD-B07F-3315DF80BC8B}.Debug|iPhoneSimulator.ActiveCfg = Debug|iPhoneSimulator
		{C4857C47-8D4A-44BD-B07F-3315DF80BC8B}.Debug|iPhoneSimulator.Build.0 = Debug|iPhoneSimulator
		{C4857C47-8D4A-44BD-B07F-3315DF80BC8B}.Debug|iPhoneSimulator.Deploy.0 = Debug|iPhoneSimulator
		{C4857C47-8D4A-44BD-B07F-3315DF80BC8B}.Release|Any CPU.ActiveCfg = Release|iPhoneSimulator
		{C4857C47-8D4A-44BD-B07F-3315DF80BC8B}.Release|Any CPU.Build.0 = Release|iPhoneSimulator
		{C4857C47-8D4A-44BD-B07F-3315DF80BC8B}.Release|Any CPU.Deploy.0 = Release|iPhoneSimulator
		{C4857C47-8D4A-44BD-B07F-3315DF80BC8B}.Release|iPhone.ActiveCfg = Release|iPhone
		{C4857C47-8D4A-44BD-B07F-3315DF80BC8B}.Release|iPhone.Build.0 = Release|iPhone
		{C4857C47-8D4A-44BD-B07F-3315DF80BC8B}.Release|iPhone.Deploy.0 = Release|iPhone
		{C4857C47-8D4A-44BD-B07F-3315DF80BC8B}.Release|iPhoneSimulator.ActiveCfg = Release|iPhoneSimulator
		{C4857C47-8D4A-44BD-B07F-3315DF80BC8B}.Release|iPhoneSimulator.Build.0 = Release|iPhoneSimulator
		{C4857C47-8D4A-44BD-B07F-3315DF80BC8B}.Release|iPhoneSimulator.Deploy.0 = Release|iPhoneSimulator
		{A6A0C156-8D80-4911-9B93-94687CD76FAC}.Debug|Any CPU.ActiveCfg = Debug|Any CPU
		{A6A0C156-8D80-4911-9B93-94687CD76FAC}.Debug|Any CPU.Build.0 = Debug|Any CPU
		{A6A0C156-8D80-4911-9B93-94687CD76FAC}.Debug|Any CPU.Deploy.0 = Debug|Any CPU
		{A6A0C156-8D80-4911-9B93-94687CD76FAC}.Debug|iPhone.ActiveCfg = Debug|Any CPU
		{A6A0C156-8D80-4911-9B93-94687CD76FAC}.Debug|iPhone.Build.0 = Debug|Any CPU
		{A6A0C156-8D80-4911-9B93-94687CD76FAC}.Debug|iPhone.Deploy.0 = Debug|Any CPU
		{A6A0C156-8D80-4911-9B93-94687CD76FAC}.Debug|iPhoneSimulator.ActiveCfg = Debug|Any CPU
		{A6A0C156-8D80-4911-9B93-94687CD76FAC}.Debug|iPhoneSimulator.Build.0 = Debug|Any CPU
		{A6A0C156-8D80-4911-9B93-94687CD76FAC}.Debug|iPhoneSimulator.Deploy.0 = Debug|Any CPU
		{A6A0C156-8D80-4911-9B93-94687CD76FAC}.Release|Any CPU.ActiveCfg = Release|Any CPU
		{A6A0C156-8D80-4911-9B93-94687CD76FAC}.Release|Any CPU.Build.0 = Release|Any CPU
		{A6A0C156-8D80-4911-9B93-94687CD76FAC}.Release|Any CPU.Deploy.0 = Release|Any CPU
		{A6A0C156-8D80-4911-9B93-94687CD76FAC}.Release|iPhone.ActiveCfg = Release|Any CPU
		{A6A0C156-8D80-4911-9B93-94687CD76FAC}.Release|iPhone.Build.0 = Release|Any CPU
		{A6A0C156-8D80-4911-9B93-94687CD76FAC}.Release|iPhone.Deploy.0 = Release|Any CPU
		{A6A0C156-8D80-4911-9B93-94687CD76FAC}.Release|iPhoneSimulator.ActiveCfg = Release|Any CPU
		{A6A0C156-8D80-4911-9B93-94687CD76FAC}.Release|iPhoneSimulator.Build.0 = Release|Any CPU
		{A6A0C156-8D80-4911-9B93-94687CD76FAC}.Release|iPhoneSimulator.Deploy.0 = Release|Any CPU
	EndGlobalSection
	GlobalSection(SolutionProperties) = preSolution
		HideSolutionNode = FALSE
	EndGlobalSection
	GlobalSection(ExtensibilityGlobals) = postSolution
		SolutionGuid = {AC0AEA51-6278-4093-8CE8-644633849916}
	EndGlobalSection
EndGlobal
