
Microsoft Visual Studio Solution File, Format Version 12.00
# Visual Studio Version 17
VisualStudioVersion = 17.6.33829.357
MinimumVisualStudioVersion = 10.0.40219.1
Project("{FAE04EC0-301F-11D3-BF4B-00C04F79EFBC}") = "10.134.ICollectionInterface___", "10.134.ICollectionInterface___.csproj", "{ACF1D164-5865-4B9E-B7E9-B51ED0022760}"
EndProject
Global
	GlobalSection(SolutionConfigurationPlatforms) = preSolution
		Debug|Any CPU = Debug|Any CPU
		Release|Any CPU = Release|Any CPU
	EndGlobalSection
	GlobalSection(ProjectConfigurationPlatforms) = postSolution
		{ACF1D164-5865-4B9E-B7E9-B51ED0022760}.Debug|Any CPU.ActiveCfg = Debug|Any CPU
		{ACF1D164-5865-4B9E-B7E9-B51ED0022760}.Debug|Any CPU.Build.0 = Debug|Any CPU
		{ACF1D164-5865-4B9E-B7E9-B51ED0022760}.Release|Any CPU.ActiveCfg = Release|Any CPU
		{ACF1D164-5865-4B9E-B7E9-B51ED0022760}.Release|Any CPU.Build.0 = Release|Any CPU
	EndGlobalSection
	GlobalSection(SolutionProperties) = preSolution
		HideSolutionNode = FALSE
	EndGlobalSection
	GlobalSection(ExtensibilityGlobals) = postSolution
		SolutionGuid = {268CC25A-2299-4E07-BEEB-858F041A0F5A}
	EndGlobalSection
EndGlobal
