
Microsoft Visual Studio Solution File, Format Version 12.00
# Visual Studio Version 17
VisualStudioVersion = 17.6.33829.357
MinimumVisualStudioVersion = 10.0.40219.1
Project("{FAE04EC0-301F-11D3-BF4B-00C04F79EFBC}") = "10.138.VirtualMethods___", "10.138.VirtualMethods___.csproj", "{FD031516-E35E-465E-87CB-6E01C87E33CD}"
EndProject
Global
	GlobalSection(SolutionConfigurationPlatforms) = preSolution
		Debug|Any CPU = Debug|Any CPU
		Release|Any CPU = Release|Any CPU
	EndGlobalSection
	GlobalSection(ProjectConfigurationPlatforms) = postSolution
		{FD031516-E35E-465E-87CB-6E01C87E33CD}.Debug|Any CPU.ActiveCfg = Debug|Any CPU
		{FD031516-E35E-465E-87CB-6E01C87E33CD}.Debug|Any CPU.Build.0 = Debug|Any CPU
		{FD031516-E35E-465E-87CB-6E01C87E33CD}.Release|Any CPU.ActiveCfg = Release|Any CPU
		{FD031516-E35E-465E-87CB-6E01C87E33CD}.Release|Any CPU.Build.0 = Release|Any CPU
	EndGlobalSection
	GlobalSection(SolutionProperties) = preSolution
		HideSolutionNode = FALSE
	EndGlobalSection
	GlobalSection(ExtensibilityGlobals) = postSolution
		SolutionGuid = {5AED7D91-E93B-46C2-B1D7-1D78E2F2E7AA}
	EndGlobalSection
EndGlobal
