
Microsoft Visual Studio Solution File, Format Version 12.00
# Visual Studio Version 17
VisualStudioVersion = 17.6.33829.357
MinimumVisualStudioVersion = 10.0.40219.1
Project("{FAE04EC0-301F-11D3-BF4B-00C04F79EFBC}") = "4.32.Loops_WHILE", "4.32.Loops_WHILE.csproj", "{205B08EE-D365-4E83-8DDB-17F990465FA0}"
EndProject
Global
	GlobalSection(SolutionConfigurationPlatforms) = preSolution
		Debug|Any CPU = Debug|Any CPU
		Release|Any CPU = Release|Any CPU
	EndGlobalSection
	GlobalSection(ProjectConfigurationPlatforms) = postSolution
		{205B08EE-D365-4E83-8DDB-17F990465FA0}.Debug|Any CPU.ActiveCfg = Debug|Any CPU
		{205B08EE-D365-4E83-8DDB-17F990465FA0}.Debug|Any CPU.Build.0 = Debug|Any CPU
		{205B08EE-D365-4E83-8DDB-17F990465FA0}.Release|Any CPU.ActiveCfg = Release|Any CPU
		{205B08EE-D365-4E83-8DDB-17F990465FA0}.Release|Any CPU.Build.0 = Release|Any CPU
	EndGlobalSection
	GlobalSection(SolutionProperties) = preSolution
		HideSolutionNode = FALSE
	EndGlobalSection
	GlobalSection(ExtensibilityGlobals) = postSolution
		SolutionGuid = {ACB5BA78-4E1D-4188-A662-CD4C1C1FFB5E}
	EndGlobalSection
EndGlobal
