
Microsoft Visual Studio Solution File, Format Version 12.00
# Visual Studio Version 17
VisualStudioVersion = 17.6.33829.357
MinimumVisualStudioVersion = 10.0.40219.1
Project("{FAE04EC0-301F-11D3-BF4B-00C04F79EFBC}") = "7.88.ForeachLoop", "7.88.ForeachLoop.csproj", "{44794231-461E-4789-92F8-690E343E377A}"
EndProject
Global
	GlobalSection(SolutionConfigurationPlatforms) = preSolution
		Debug|Any CPU = Debug|Any CPU
		Release|Any CPU = Release|Any CPU
	EndGlobalSection
	GlobalSection(ProjectConfigurationPlatforms) = postSolution
		{44794231-461E-4789-92F8-690E343E377A}.Debug|Any CPU.ActiveCfg = Debug|Any CPU
		{44794231-461E-4789-92F8-690E343E377A}.Debug|Any CPU.Build.0 = Debug|Any CPU
		{44794231-461E-4789-92F8-690E343E377A}.Release|Any CPU.ActiveCfg = Release|Any CPU
		{44794231-461E-4789-92F8-690E343E377A}.Release|Any CPU.Build.0 = Release|Any CPU
	EndGlobalSection
	GlobalSection(SolutionProperties) = preSolution
		HideSolutionNode = FALSE
	EndGlobalSection
	GlobalSection(ExtensibilityGlobals) = postSolution
		SolutionGuid = {EC98ECE3-F915-4F8E-88AF-4C3664E4FC4B}
	EndGlobalSection
EndGlobal
