
Microsoft Visual Studio Solution File, Format Version 12.00
# Visual Studio Version 17
VisualStudioVersion = 17.6.33829.357
MinimumVisualStudioVersion = 10.0.40219.1
Project("{FAE04EC0-301F-11D3-BF4B-00C04F79EFBC}") = "10.137.AbstractMethods___", "10.137.AbstractMethods___.csproj", "{6BED8D72-325D-4172-A242-37FDDEA4729E}"
EndProject
Global
	GlobalSection(SolutionConfigurationPlatforms) = preSolution
		Debug|Any CPU = Debug|Any CPU
		Release|Any CPU = Release|Any CPU
	EndGlobalSection
	GlobalSection(ProjectConfigurationPlatforms) = postSolution
		{6BED8D72-325D-4172-A242-37FDDEA4729E}.Debug|Any CPU.ActiveCfg = Debug|Any CPU
		{6BED8D72-325D-4172-A242-37FDDEA4729E}.Debug|Any CPU.Build.0 = Debug|Any CPU
		{6BED8D72-325D-4172-A242-37FDDEA4729E}.Release|Any CPU.ActiveCfg = Release|Any CPU
		{6BED8D72-325D-4172-A242-37FDDEA4729E}.Release|Any CPU.Build.0 = Release|Any CPU
	EndGlobalSection
	GlobalSection(SolutionProperties) = preSolution
		HideSolutionNode = FALSE
	EndGlobalSection
	GlobalSection(ExtensibilityGlobals) = postSolution
		SolutionGuid = {D618B6A3-9A4A-4965-9854-DE64158B657B}
	EndGlobalSection
EndGlobal
