
Microsoft Visual Studio Solution File, Format Version 12.00
# Visual Studio Version 17
VisualStudioVersion = 17.6.33829.357
MinimumVisualStudioVersion = 10.0.40219.1
Project("{FAE04EC0-301F-11D3-BF4B-00C04F79EFBC}") = "9.113.Func_TResult_Lambda", "9.113.Func_TResult_Lambda.csproj", "{345B5F26-DC5E-4B16-9476-56E8253EE4A1}"
EndProject
Global
	GlobalSection(SolutionConfigurationPlatforms) = preSolution
		Debug|Any CPU = Debug|Any CPU
		Release|Any CPU = Release|Any CPU
	EndGlobalSection
	GlobalSection(ProjectConfigurationPlatforms) = postSolution
		{345B5F26-DC5E-4B16-9476-56E8253EE4A1}.Debug|Any CPU.ActiveCfg = Debug|Any CPU
		{345B5F26-DC5E-4B16-9476-56E8253EE4A1}.Debug|Any CPU.Build.0 = Debug|Any CPU
		{345B5F26-DC5E-4B16-9476-56E8253EE4A1}.Release|Any CPU.ActiveCfg = Release|Any CPU
		{345B5F26-DC5E-4B16-9476-56E8253EE4A1}.Release|Any CPU.Build.0 = Release|Any CPU
	EndGlobalSection
	GlobalSection(SolutionProperties) = preSolution
		HideSolutionNode = FALSE
	EndGlobalSection
	GlobalSection(ExtensibilityGlobals) = postSolution
		SolutionGuid = {5A192C9B-55D2-48EF-9C3E-E0E2B10B79D5}
	EndGlobalSection
EndGlobal
