
Microsoft Visual Studio Solution File, Format Version 12.00
# Visual Studio Version 17
VisualStudioVersion = 17.7.34009.444
MinimumVisualStudioVersion = 10.0.40219.1
Project("{FAE04EC0-301F-11D3-BF4B-00C04F79EFBC}") = "22.274.LINQ.OfTypeAndWhere2", "22.274.LINQ.OfTypeAndWhere2.csproj", "{20A8CA13-C452-490E-AF76-9584CDC4D2E5}"
EndProject
Global
	GlobalSection(SolutionConfigurationPlatforms) = preSolution
		Debug|Any CPU = Debug|Any CPU
		Release|Any CPU = Release|Any CPU
	EndGlobalSection
	GlobalSection(ProjectConfigurationPlatforms) = postSolution
		{20A8CA13-C452-490E-AF76-9584CDC4D2E5}.Debug|Any CPU.ActiveCfg = Debug|Any CPU
		{20A8CA13-C452-490E-AF76-9584CDC4D2E5}.Debug|Any CPU.Build.0 = Debug|Any CPU
		{20A8CA13-C452-490E-AF76-9584CDC4D2E5}.Release|Any CPU.ActiveCfg = Release|Any CPU
		{20A8CA13-C452-490E-AF76-9584CDC4D2E5}.Release|Any CPU.Build.0 = Release|Any CPU
	EndGlobalSection
	GlobalSection(SolutionProperties) = preSolution
		HideSolutionNode = FALSE
	EndGlobalSection
	GlobalSection(ExtensibilityGlobals) = postSolution
		SolutionGuid = {626FDF65-3DF3-480D-BD35-ED1087B79CE8}
	EndGlobalSection
EndGlobal
