
Microsoft Visual Studio Solution File, Format Version 12.00
# Visual Studio Version 17
VisualStudioVersion = 17.6.33829.357
MinimumVisualStudioVersion = 10.0.40219.1
Project("{FAE04EC0-301F-11D3-BF4B-00C04F79EFBC}") = "9.117.OptionalParameters", "9.117.OptionalParameters.csproj", "{B19001F3-D7BD-4C84-9130-44FD0273BBC9}"
EndProject
Global
	GlobalSection(SolutionConfigurationPlatforms) = preSolution
		Debug|Any CPU = Debug|Any CPU
		Release|Any CPU = Release|Any CPU
	EndGlobalSection
	GlobalSection(ProjectConfigurationPlatforms) = postSolution
		{B19001F3-D7BD-4C84-9130-44FD0273BBC9}.Debug|Any CPU.ActiveCfg = Debug|Any CPU
		{B19001F3-D7BD-4C84-9130-44FD0273BBC9}.Debug|Any CPU.Build.0 = Debug|Any CPU
		{B19001F3-D7BD-4C84-9130-44FD0273BBC9}.Release|Any CPU.ActiveCfg = Release|Any CPU
		{B19001F3-D7BD-4C84-9130-44FD0273BBC9}.Release|Any CPU.Build.0 = Release|Any CPU
	EndGlobalSection
	GlobalSection(SolutionProperties) = preSolution
		HideSolutionNode = FALSE
	EndGlobalSection
	GlobalSection(ExtensibilityGlobals) = postSolution
		SolutionGuid = {88449A80-455C-4D8C-844D-9655F0E2A673}
	EndGlobalSection
EndGlobal
