
Microsoft Visual Studio Solution File, Format Version 12.00
# Visual Studio Version 17
VisualStudioVersion = 17.6.33829.357
MinimumVisualStudioVersion = 10.0.40219.1
Project("{FAE04EC0-301F-11D3-BF4B-00C04F79EFBC}") = "4.55.Strings", "4.55.Strings.csproj", "{BFF5620F-35CD-405E-B8D6-2648BCC527CD}"
EndProject
Global
	GlobalSection(SolutionConfigurationPlatforms) = preSolution
		Debug|Any CPU = Debug|Any CPU
		Release|Any CPU = Release|Any CPU
	EndGlobalSection
	GlobalSection(ProjectConfigurationPlatforms) = postSolution
		{BFF5620F-35CD-405E-B8D6-2648BCC527CD}.Debug|Any CPU.ActiveCfg = Debug|Any CPU
		{BFF5620F-35CD-405E-B8D6-2648BCC527CD}.Debug|Any CPU.Build.0 = Debug|Any CPU
		{BFF5620F-35CD-405E-B8D6-2648BCC527CD}.Release|Any CPU.ActiveCfg = Release|Any CPU
		{BFF5620F-35CD-405E-B8D6-2648BCC527CD}.Release|Any CPU.Build.0 = Release|Any CPU
	EndGlobalSection
	GlobalSection(SolutionProperties) = preSolution
		HideSolutionNode = FALSE
	EndGlobalSection
	GlobalSection(ExtensibilityGlobals) = postSolution
		SolutionGuid = {6AD8C3F0-8758-42C1-9AE0-171D418763AB}
	EndGlobalSection
EndGlobal
