
Microsoft Visual Studio Solution File, Format Version 12.00
# Visual Studio Version 17
VisualStudioVersion = 17.7.34009.444
MinimumVisualStudioVersion = 10.0.40219.1
Project("{FAE04EC0-301F-11D3-BF4B-00C04F79EFBC}") = "16.194.Searching.LinearSeachMethod", "16.194.Searching.LinearSeachMethod.csproj", "{5FE7A10B-B1CC-402A-8D3A-BE1EC5A0FA98}"
EndProject
Global
	GlobalSection(SolutionConfigurationPlatforms) = preSolution
		Debug|Any CPU = Debug|Any CPU
		Release|Any CPU = Release|Any CPU
	EndGlobalSection
	GlobalSection(ProjectConfigurationPlatforms) = postSolution
		{5FE7A10B-B1CC-402A-8D3A-BE1EC5A0FA98}.Debug|Any CPU.ActiveCfg = Debug|Any CPU
		{5FE7A10B-B1CC-402A-8D3A-BE1EC5A0FA98}.Debug|Any CPU.Build.0 = Debug|Any CPU
		{5FE7A10B-B1CC-402A-8D3A-BE1EC5A0FA98}.Release|Any CPU.ActiveCfg = Release|Any CPU
		{5FE7A10B-B1CC-402A-8D3A-BE1EC5A0FA98}.Release|Any CPU.Build.0 = Release|Any CPU
	EndGlobalSection
	GlobalSection(SolutionProperties) = preSolution
		HideSolutionNode = FALSE
	EndGlobalSection
	GlobalSection(ExtensibilityGlobals) = postSolution
		SolutionGuid = {72887677-C967-4C95-A49C-8C8E0028B002}
	EndGlobalSection
EndGlobal
