
Microsoft Visual Studio Solution File, Format Version 12.00
# Visual Studio Version 17
VisualStudioVersion = 17.6.33829.357
MinimumVisualStudioVersion = 10.0.40219.1
Project("{FAE04EC0-301F-11D3-BF4B-00C04F79EFBC}") = "21.261.ThreadPooling", "21.261.ThreadPooling.csproj", "{4C74ED77-EFED-4E63-B4B6-A05998664F1E}"
EndProject
Global
	GlobalSection(SolutionConfigurationPlatforms) = preSolution
		Debug|Any CPU = Debug|Any CPU
		Release|Any CPU = Release|Any CPU
	EndGlobalSection
	GlobalSection(ProjectConfigurationPlatforms) = postSolution
		{4C74ED77-EFED-4E63-B4B6-A05998664F1E}.Debug|Any CPU.ActiveCfg = Debug|Any CPU
		{4C74ED77-EFED-4E63-B4B6-A05998664F1E}.Debug|Any CPU.Build.0 = Debug|Any CPU
		{4C74ED77-EFED-4E63-B4B6-A05998664F1E}.Release|Any CPU.ActiveCfg = Release|Any CPU
		{4C74ED77-EFED-4E63-B4B6-A05998664F1E}.Release|Any CPU.Build.0 = Release|Any CPU
	EndGlobalSection
	GlobalSection(SolutionProperties) = preSolution
		HideSolutionNode = FALSE
	EndGlobalSection
	GlobalSection(ExtensibilityGlobals) = postSolution
		SolutionGuid = {7DBAF5F6-9EA6-488A-9B7A-0A1DA1936B0E}
	EndGlobalSection
EndGlobal
