
Microsoft Visual Studio Solution File, Format Version 12.00
# Visual Studio Version 17
VisualStudioVersion = 17.7.34009.444
MinimumVisualStudioVersion = 10.0.40219.1
Project("{FAE04EC0-301F-11D3-BF4B-00C04F79EFBC}") = "22.273.LINQ.SelectAndSelectMany2", "22.273.LINQ.SelectAndSelectMany2.csproj", "{2669A7C2-3F5F-4A16-A556-BBC1FC864100}"
EndProject
Global
	GlobalSection(SolutionConfigurationPlatforms) = preSolution
		Debug|Any CPU = Debug|Any CPU
		Release|Any CPU = Release|Any CPU
	EndGlobalSection
	GlobalSection(ProjectConfigurationPlatforms) = postSolution
		{2669A7C2-3F5F-4A16-A556-BBC1FC864100}.Debug|Any CPU.ActiveCfg = Debug|Any CPU
		{2669A7C2-3F5F-4A16-A556-BBC1FC864100}.Debug|Any CPU.Build.0 = Debug|Any CPU
		{2669A7C2-3F5F-4A16-A556-BBC1FC864100}.Release|Any CPU.ActiveCfg = Release|Any CPU
		{2669A7C2-3F5F-4A16-A556-BBC1FC864100}.Release|Any CPU.Build.0 = Release|Any CPU
	EndGlobalSection
	GlobalSection(SolutionProperties) = preSolution
		HideSolutionNode = FALSE
	EndGlobalSection
	GlobalSection(ExtensibilityGlobals) = postSolution
		SolutionGuid = {6220C18B-5654-42D7-BEBC-A4513B4FF2F7}
	EndGlobalSection
EndGlobal
