
Microsoft Visual Studio Solution File, Format Version 12.00
# Visual Studio Version 17
VisualStudioVersion = 17.7.34003.232
MinimumVisualStudioVersion = 10.0.40219.1
Project("{FAE04EC0-301F-11D3-BF4B-00C04F79EFBC}") = "WPFObservableCollections", "WPFObservableCollections.csproj", "{ACAA291A-6608-4791-A4D7-401627C9C8D7}"
EndProject
Global
	GlobalSection(SolutionConfigurationPlatforms) = preSolution
		Debug|Any CPU = Debug|Any CPU
		Release|Any CPU = Release|Any CPU
	EndGlobalSection
	GlobalSection(ProjectConfigurationPlatforms) = postSolution
		{ACAA291A-6608-4791-A4D7-401627C9C8D7}.Debug|Any CPU.ActiveCfg = Debug|Any CPU
		{ACAA291A-6608-4791-A4D7-401627C9C8D7}.Debug|Any CPU.Build.0 = Debug|Any CPU
		{ACAA291A-6608-4791-A4D7-401627C9C8D7}.Release|Any CPU.ActiveCfg = Release|Any CPU
		{ACAA291A-6608-4791-A4D7-401627C9C8D7}.Release|Any CPU.Build.0 = Release|Any CPU
	EndGlobalSection
	GlobalSection(SolutionProperties) = preSolution
		HideSolutionNode = FALSE
	EndGlobalSection
	GlobalSection(ExtensibilityGlobals) = postSolution
		SolutionGuid = {CA65811D-588C-49E4-99B5-571875B713F8}
	EndGlobalSection
EndGlobal
