
Microsoft Visual Studio Solution File, Format Version 12.00
# Visual Studio Version 17
VisualStudioVersion = 17.7.34003.232
MinimumVisualStudioVersion = 10.0.40219.1
Project("{FAE04EC0-301F-11D3-BF4B-00C04F79EFBC}") = "WPFScrollViewer", "WPFScrollViewer.csproj", "{15E751D0-94BA-4491-ACD8-E210050340FB}"
EndProject
Global
	GlobalSection(SolutionConfigurationPlatforms) = preSolution
		Debug|Any CPU = Debug|Any CPU
		Release|Any CPU = Release|Any CPU
	EndGlobalSection
	GlobalSection(ProjectConfigurationPlatforms) = postSolution
		{15E751D0-94BA-4491-ACD8-E210050340FB}.Debug|Any CPU.ActiveCfg = Debug|Any CPU
		{15E751D0-94BA-4491-ACD8-E210050340FB}.Debug|Any CPU.Build.0 = Debug|Any CPU
		{15E751D0-94BA-4491-ACD8-E210050340FB}.Release|Any CPU.ActiveCfg = Release|Any CPU
		{15E751D0-94BA-4491-ACD8-E210050340FB}.Release|Any CPU.Build.0 = Release|Any CPU
	EndGlobalSection
	GlobalSection(SolutionProperties) = preSolution
		HideSolutionNode = FALSE
	EndGlobalSection
	GlobalSection(ExtensibilityGlobals) = postSolution
		SolutionGuid = {A5C9218F-681B-48DF-8131-D5320DC436F1}
	EndGlobalSection
EndGlobal
