
Microsoft Visual Studio Solution File, Format Version 12.00
# Visual Studio Version 17
VisualStudioVersion = 17.7.34009.444
MinimumVisualStudioVersion = 10.0.40219.1
Project("{FAE04EC0-301F-11D3-BF4B-00C04F79EFBC}") = "16.203.Sorting.BuiltInCSharpSortingMethod", "16.203.Sorting.BuiltInCSharpSortingMethod.csproj", "{5BBEA9F9-590B-4627-B170-0A6E865D36BA}"
EndProject
Global
	GlobalSection(SolutionConfigurationPlatforms) = preSolution
		Debug|Any CPU = Debug|Any CPU
		Release|Any CPU = Release|Any CPU
	EndGlobalSection
	GlobalSection(ProjectConfigurationPlatforms) = postSolution
		{5BBEA9F9-590B-4627-B170-0A6E865D36BA}.Debug|Any CPU.ActiveCfg = Debug|Any CPU
		{5BBEA9F9-590B-4627-B170-0A6E865D36BA}.Debug|Any CPU.Build.0 = Debug|Any CPU
		{5BBEA9F9-590B-4627-B170-0A6E865D36BA}.Release|Any CPU.ActiveCfg = Release|Any CPU
		{5BBEA9F9-590B-4627-B170-0A6E865D36BA}.Release|Any CPU.Build.0 = Release|Any CPU
	EndGlobalSection
	GlobalSection(SolutionProperties) = preSolution
		HideSolutionNode = FALSE
	EndGlobalSection
	GlobalSection(ExtensibilityGlobals) = postSolution
		SolutionGuid = {EC4FE77C-B722-4DF8-B3A6-9A12F97CD822}
	EndGlobalSection
EndGlobal
