
Microsoft Visual Studio Solution File, Format Version 12.00
# Visual Studio Version 17
VisualStudioVersion = 17.6.33829.357
MinimumVisualStudioVersion = 10.0.40219.1
Project("{FAE04EC0-301F-11D3-BF4B-00C04F79EFBC}") = "39.473.XamarinMobileApp.Android", "39.473.XamarinMobileApp.Android\39.473.XamarinMobileApp.Android.csproj", "{6B015613-E69A-429B-934D-7ED0E159C7E1}"
EndProject
Project("{FAE04EC0-301F-11D3-BF4B-00C04F79EFBC}") = "39.473.XamarinMobileApp.iOS", "39.473.XamarinMobileApp.iOS\39.473.XamarinMobileApp.iOS.csproj", "{D74B4F45-AB83-4616-8AB1-62AD33EAC73A}"
EndProject
Project("{FAE04EC0-301F-11D3-BF4B-00C04F79EFBC}") = "39.473.XamarinMobileApp", "39.473.XamarinMobileApp\39.473.XamarinMobileApp.csproj", "{5A8AFD6F-9DA8-4496-A9BD-5EEC1D80C480}"
EndProject
Global
	GlobalSection(SolutionConfigurationPlatforms) = preSolution
		Debug|Any CPU = Debug|Any CPU
		Debug|iPhone = Debug|iPhone
		Debug|iPhoneSimulator = Debug|iPhoneSimulator
		Release|Any CPU = Release|Any CPU
		Release|iPhone = Release|iPhone
		Release|iPhoneSimulator = Release|iPhoneSimulator
	EndGlobalSection
	GlobalSection(ProjectConfigurationPlatforms) = postSolution
		{6B015613-E69A-429B-934D-7ED0E159C7E1}.Debug|Any CPU.ActiveCfg = Debug|Any CPU
		{6B015613-E69A-429B-934D-7ED0E159C7E1}.Debug|Any CPU.Build.0 = Debug|Any CPU
		{6B015613-E69A-429B-934D-7ED0E159C7E1}.Debug|Any CPU.Deploy.0 = Debug|Any CPU
		{6B015613-E69A-429B-934D-7ED0E159C7E1}.Debug|iPhone.ActiveCfg = Debug|Any CPU
		{6B015613-E69A-429B-934D-7ED0E159C7E1}.Debug|iPhone.Build.0 = Debug|Any CPU
		{6B015613-E69A-429B-934D-7ED0E159C7E1}.Debug|iPhone.Deploy.0 = Debug|Any CPU
		{6B015613-E69A-429B-934D-7ED0E159C7E1}.Debug|iPhoneSimulator.ActiveCfg = Debug|Any CPU
		{6B015613-E69A-429B-934D-7ED0E159C7E1}.Debug|iPhoneSimulator.Build.0 = Debug|Any CPU
		{6B015613-E69A-429B-934D-7ED0E159C7E1}.Debug|iPhoneSimulator.Deploy.0 = Debug|Any CPU
		{6B015613-E69A-429B-934D-7ED0E159C7E1}.Release|Any CPU.ActiveCfg = Release|Any CPU
		{6B015613-E69A-429B-934D-7ED0E159C7E1}.Release|Any CPU.Build.0 = Release|Any CPU
		{6B015613-E69A-429B-934D-7ED0E159C7E1}.Release|Any CPU.Deploy.0 = Release|Any CPU
		{6B015613-E69A-429B-934D-7ED0E159C7E1}.Release|iPhone.ActiveCfg = Release|Any CPU
		{6B015613-E69A-429B-934D-7ED0E159C7E1}.Release|iPhone.Build.0 = Release|Any CPU
		{6B015613-E69A-429B-934D-7ED0E159C7E1}.Release|iPhone.Deploy.0 = Release|Any CPU
		{6B015613-E69A-429B-934D-7ED0E159C7E1}.Release|iPhoneSimulator.ActiveCfg = Release|Any CPU
		{6B015613-E69A-429B-934D-7ED0E159C7E1}.Release|iPhoneSimulator.Build.0 = Release|Any CPU
		{6B015613-E69A-429B-934D-7ED0E159C7E1}.Release|iPhoneSimulator.Deploy.0 = Release|Any CPU
		{D74B4F45-AB83-4616-8AB1-62AD33EAC73A}.Debug|Any CPU.ActiveCfg = Debug|iPhone
		{D74B4F45-AB83-4616-8AB1-62AD33EAC73A}.Debug|Any CPU.Build.0 = Debug|iPhone
		{D74B4F45-AB83-4616-8AB1-62AD33EAC73A}.Debug|Any CPU.Deploy.0 = Debug|iPhone
		{D74B4F45-AB83-4616-8AB1-62AD33EAC73A}.Debug|iPhone.ActiveCfg = Debug|iPhone
		{D74B4F45-AB83-4616-8AB1-62AD33EAC73A}.Debug|iPhone.Build.0 = Debug|iPhone
		{D74B4F45-AB83-4616-8AB1-62AD33EAC73A}.Debug|iPhone.Deploy.0 = Debug|iPhone
		{D74B4F45-AB83-4616-8AB1-62AD33EAC73A}.Debug|iPhoneSimulator.ActiveCfg = Debug|iPhoneSimulator
		{D74B4F45-AB83-4616-8AB1-62AD33EAC73A}.Debug|iPhoneSimulator.Build.0 = Debug|iPhoneSimulator
		{D74B4F45-AB83-4616-8AB1-62AD33EAC73A}.Debug|iPhoneSimulator.Deploy.0 = Debug|iPhoneSimulator
		{D74B4F45-AB83-4616-8AB1-62AD33EAC73A}.Release|Any CPU.ActiveCfg = Release|iPhoneSimulator
		{D74B4F45-AB83-4616-8AB1-62AD33EAC73A}.Release|Any CPU.Build.0 = Release|iPhoneSimulator
		{D74B4F45-AB83-4616-8AB1-62AD33EAC73A}.Release|Any CPU.Deploy.0 = Release|iPhoneSimulator
		{D74B4F45-AB83-4616-8AB1-62AD33EAC73A}.Release|iPhone.ActiveCfg = Release|iPhone
		{D74B4F45-AB83-4616-8AB1-62AD33EAC73A}.Release|iPhone.Build.0 = Release|iPhone
		{D74B4F45-AB83-4616-8AB1-62AD33EAC73A}.Release|iPhone.Deploy.0 = Release|iPhone
		{D74B4F45-AB83-4616-8AB1-62AD33EAC73A}.Release|iPhoneSimulator.ActiveCfg = Release|iPhoneSimulator
		{D74B4F45-AB83-4616-8AB1-62AD33EAC73A}.Release|iPhoneSimulator.Build.0 = Release|iPhoneSimulator
		{D74B4F45-AB83-4616-8AB1-62AD33EAC73A}.Release|iPhoneSimulator.Deploy.0 = Release|iPhoneSimulator
		{5A8AFD6F-9DA8-4496-A9BD-5EEC1D80C480}.Debug|Any CPU.ActiveCfg = Debug|Any CPU
		{5A8AFD6F-9DA8-4496-A9BD-5EEC1D80C480}.Debug|Any CPU.Build.0 = Debug|Any CPU
		{5A8AFD6F-9DA8-4496-A9BD-5EEC1D80C480}.Debug|Any CPU.Deploy.0 = Debug|Any CPU
		{5A8AFD6F-9DA8-4496-A9BD-5EEC1D80C480}.Debug|iPhone.ActiveCfg = Debug|Any CPU
		{5A8AFD6F-9DA8-4496-A9BD-5EEC1D80C480}.Debug|iPhone.Build.0 = Debug|Any CPU
		{5A8AFD6F-9DA8-4496-A9BD-5EEC1D80C480}.Debug|iPhone.Deploy.0 = Debug|Any CPU
		{5A8AFD6F-9DA8-4496-A9BD-5EEC1D80C480}.Debug|iPhoneSimulator.ActiveCfg = Debug|Any CPU
		{5A8AFD6F-9DA8-4496-A9BD-5EEC1D80C480}.Debug|iPhoneSimulator.Build.0 = Debug|Any CPU
		{5A8AFD6F-9DA8-4496-A9BD-5EEC1D80C480}.Debug|iPhoneSimulator.Deploy.0 = Debug|Any CPU
		{5A8AFD6F-9DA8-4496-A9BD-5EEC1D80C480}.Release|Any CPU.ActiveCfg = Release|Any CPU
		{5A8AFD6F-9DA8-4496-A9BD-5EEC1D80C480}.Release|Any CPU.Build.0 = Release|Any CPU
		{5A8AFD6F-9DA8-4496-A9BD-5EEC1D80C480}.Release|Any CPU.Deploy.0 = Release|Any CPU
		{5A8AFD6F-9DA8-4496-A9BD-5EEC1D80C480}.Release|iPhone.ActiveCfg = Release|Any CPU
		{5A8AFD6F-9DA8-4496-A9BD-5EEC1D80C480}.Release|iPhone.Build.0 = Release|Any CPU
		{5A8AFD6F-9DA8-4496-A9BD-5EEC1D80C480}.Release|iPhone.Deploy.0 = Release|Any CPU
		{5A8AFD6F-9DA8-4496-A9BD-5EEC1D80C480}.Release|iPhoneSimulator.ActiveCfg = Release|Any CPU
		{5A8AFD6F-9DA8-4496-A9BD-5EEC1D80C480}.Release|iPhoneSimulator.Build.0 = Release|Any CPU
		{5A8AFD6F-9DA8-4496-A9BD-5EEC1D80C480}.Release|iPhoneSimulator.Deploy.0 = Release|Any CPU
	EndGlobalSection
	GlobalSection(SolutionProperties) = preSolution
		HideSolutionNode = FALSE
	EndGlobalSection
	GlobalSection(ExtensibilityGlobals) = postSolution
		SolutionGuid = {362226E4-F929-4203-87F3-90E5621D688D}
	EndGlobalSection
EndGlobal
