
Microsoft Visual Studio Solution File, Format Version 12.00
# Visual Studio Version 17
VisualStudioVersion = 17.6.33829.357
MinimumVisualStudioVersion = 10.0.40219.1
Project("{FAE04EC0-301F-11D3-BF4B-00C04F79EFBC}") = "9.114.MethodOverloading", "9.114.MethodOverloading.csproj", "{8E95F991-1546-45E9-9952-3C41C78F1541}"
EndProject
Global
	GlobalSection(SolutionConfigurationPlatforms) = preSolution
		Debug|Any CPU = Debug|Any CPU
		Release|Any CPU = Release|Any CPU
	EndGlobalSection
	GlobalSection(ProjectConfigurationPlatforms) = postSolution
		{8E95F991-1546-45E9-9952-3C41C78F1541}.Debug|Any CPU.ActiveCfg = Debug|Any CPU
		{8E95F991-1546-45E9-9952-3C41C78F1541}.Debug|Any CPU.Build.0 = Debug|Any CPU
		{8E95F991-1546-45E9-9952-3C41C78F1541}.Release|Any CPU.ActiveCfg = Release|Any CPU
		{8E95F991-1546-45E9-9952-3C41C78F1541}.Release|Any CPU.Build.0 = Release|Any CPU
	EndGlobalSection
	GlobalSection(SolutionProperties) = preSolution
		HideSolutionNode = FALSE
	EndGlobalSection
	GlobalSection(ExtensibilityGlobals) = postSolution
		SolutionGuid = {164FCBBC-D4C9-48FA-97B6-59835EBCC3CF}
	EndGlobalSection
EndGlobal
