
Microsoft Visual Studio Solution File, Format Version 12.00
# Visual Studio Version 17
VisualStudioVersion = 17.6.33829.357
MinimumVisualStudioVersion = 10.0.40219.1
Project("{FAE04EC0-301F-11D3-BF4B-00C04F79EFBC}") = "convertTempChanllenge", "convertTempChanllenge.csproj", "{EFFB79BB-03CC-4791-9EE4-CE508977BB34}"
EndProject
Global
	GlobalSection(SolutionConfigurationPlatforms) = preSolution
		Debug|Any CPU = Debug|Any CPU
		Release|Any CPU = Release|Any CPU
	EndGlobalSection
	GlobalSection(ProjectConfigurationPlatforms) = postSolution
		{EFFB79BB-03CC-4791-9EE4-CE508977BB34}.Debug|Any CPU.ActiveCfg = Debug|Any CPU
		{EFFB79BB-03CC-4791-9EE4-CE508977BB34}.Debug|Any CPU.Build.0 = Debug|Any CPU
		{EFFB79BB-03CC-4791-9EE4-CE508977BB34}.Release|Any CPU.ActiveCfg = Release|Any CPU
		{EFFB79BB-03CC-4791-9EE4-CE508977BB34}.Release|Any CPU.Build.0 = Release|Any CPU
	EndGlobalSection
	GlobalSection(SolutionProperties) = preSolution
		HideSolutionNode = FALSE
	EndGlobalSection
	GlobalSection(ExtensibilityGlobals) = postSolution
		SolutionGuid = {5FF3BFEC-9DF1-4A3B-8CD5-32E1F33902D3}
	EndGlobalSection
EndGlobal
