
Microsoft Visual Studio Solution File, Format Version 12.00
# Visual Studio Version 17
VisualStudioVersion = 17.6.33829.357
MinimumVisualStudioVersion = 10.0.40219.1
Project("{FAE04EC0-301F-11D3-BF4B-00C04F79EFBC}") = "4.68.BooleanFlagTechnique", "4.68.BooleanFlagTechnique.csproj", "{E01FCCB0-520C-4E50-B27B-80770A909F9D}"
EndProject
Global
	GlobalSection(SolutionConfigurationPlatforms) = preSolution
		Debug|Any CPU = Debug|Any CPU
		Release|Any CPU = Release|Any CPU
	EndGlobalSection
	GlobalSection(ProjectConfigurationPlatforms) = postSolution
		{E01FCCB0-520C-4E50-B27B-80770A909F9D}.Debug|Any CPU.ActiveCfg = Debug|Any CPU
		{E01FCCB0-520C-4E50-B27B-80770A909F9D}.Debug|Any CPU.Build.0 = Debug|Any CPU
		{E01FCCB0-520C-4E50-B27B-80770A909F9D}.Release|Any CPU.ActiveCfg = Release|Any CPU
		{E01FCCB0-520C-4E50-B27B-80770A909F9D}.Release|Any CPU.Build.0 = Release|Any CPU
	EndGlobalSection
	GlobalSection(SolutionProperties) = preSolution
		HideSolutionNode = FALSE
	EndGlobalSection
	GlobalSection(ExtensibilityGlobals) = postSolution
		SolutionGuid = {6D4F6E97-9496-4418-8DFE-1AB2CFE67FDA}
	EndGlobalSection
EndGlobal
