
Microsoft Visual Studio Solution File, Format Version 12.00
# Visual Studio Version 17
VisualStudioVersion = 17.6.33829.357
MinimumVisualStudioVersion = 10.0.40219.1
Project("{FAE04EC0-301F-11D3-BF4B-00C04F79EFBC}") = "11.153.SortedDictionary___", "11.153.SortedDictionary___.csproj", "{7F8EA2E0-E086-4197-8215-B612EC43E6E9}"
EndProject
Global
	GlobalSection(SolutionConfigurationPlatforms) = preSolution
		Debug|Any CPU = Debug|Any CPU
		Release|Any CPU = Release|Any CPU
	EndGlobalSection
	GlobalSection(ProjectConfigurationPlatforms) = postSolution
		{7F8EA2E0-E086-4197-8215-B612EC43E6E9}.Debug|Any CPU.ActiveCfg = Debug|Any CPU
		{7F8EA2E0-E086-4197-8215-B612EC43E6E9}.Debug|Any CPU.Build.0 = Debug|Any CPU
		{7F8EA2E0-E086-4197-8215-B612EC43E6E9}.Release|Any CPU.ActiveCfg = Release|Any CPU
		{7F8EA2E0-E086-4197-8215-B612EC43E6E9}.Release|Any CPU.Build.0 = Release|Any CPU
	EndGlobalSection
	GlobalSection(SolutionProperties) = preSolution
		HideSolutionNode = FALSE
	EndGlobalSection
	GlobalSection(ExtensibilityGlobals) = postSolution
		SolutionGuid = {60BC654D-3285-49FD-97FA-D60CF9F066A5}
	EndGlobalSection
EndGlobal
