
Microsoft Visual Studio Solution File, Format Version 12.00
# Visual Studio Version 17
VisualStudioVersion = 17.6.33829.357
MinimumVisualStudioVersion = 10.0.40219.1
Project("{FAE04EC0-301F-11D3-BF4B-00C04F79EFBC}") = "7.91.DoWileLoop", "7.91.DoWileLoop.csproj", "{4D2F4B86-50EC-4197-898B-47E854ECEB74}"
EndProject
Global
	GlobalSection(SolutionConfigurationPlatforms) = preSolution
		Debug|Any CPU = Debug|Any CPU
		Release|Any CPU = Release|Any CPU
	EndGlobalSection
	GlobalSection(ProjectConfigurationPlatforms) = postSolution
		{4D2F4B86-50EC-4197-898B-47E854ECEB74}.Debug|Any CPU.ActiveCfg = Debug|Any CPU
		{4D2F4B86-50EC-4197-898B-47E854ECEB74}.Debug|Any CPU.Build.0 = Debug|Any CPU
		{4D2F4B86-50EC-4197-898B-47E854ECEB74}.Release|Any CPU.ActiveCfg = Release|Any CPU
		{4D2F4B86-50EC-4197-898B-47E854ECEB74}.Release|Any CPU.Build.0 = Release|Any CPU
	EndGlobalSection
	GlobalSection(SolutionProperties) = preSolution
		HideSolutionNode = FALSE
	EndGlobalSection
	GlobalSection(ExtensibilityGlobals) = postSolution
		SolutionGuid = {10703690-4D3B-4519-B32E-F7276E9E9B02}
	EndGlobalSection
EndGlobal
