
Microsoft Visual Studio Solution File, Format Version 12.00
# Visual Studio Version 17
VisualStudioVersion = 17.6.33829.357
MinimumVisualStudioVersion = 10.0.40219.1
Project("{FAE04EC0-301F-11D3-BF4B-00C04F79EFBC}") = "4.31.Conditional Statements", "4.31.Conditional Statements.csproj", "{21519295-01EE-4601-B99A-D961F27651F9}"
EndProject
Global
	GlobalSection(SolutionConfigurationPlatforms) = preSolution
		Debug|Any CPU = Debug|Any CPU
		Release|Any CPU = Release|Any CPU
	EndGlobalSection
	GlobalSection(ProjectConfigurationPlatforms) = postSolution
		{21519295-01EE-4601-B99A-D961F27651F9}.Debug|Any CPU.ActiveCfg = Debug|Any CPU
		{21519295-01EE-4601-B99A-D961F27651F9}.Debug|Any CPU.Build.0 = Debug|Any CPU
		{21519295-01EE-4601-B99A-D961F27651F9}.Release|Any CPU.ActiveCfg = Release|Any CPU
		{21519295-01EE-4601-B99A-D961F27651F9}.Release|Any CPU.Build.0 = Release|Any CPU
	EndGlobalSection
	GlobalSection(SolutionProperties) = preSolution
		HideSolutionNode = FALSE
	EndGlobalSection
	GlobalSection(ExtensibilityGlobals) = postSolution
		SolutionGuid = {D3B335BE-E156-44AD-BDDC-A0503744EAC4}
	EndGlobalSection
EndGlobal
