
Microsoft Visual Studio Solution File, Format Version 12.00
# Visual Studio Version 17
VisualStudioVersion = 17.7.34009.444
MinimumVisualStudioVersion = 10.0.40219.1
Project("{FAE04EC0-301F-11D3-BF4B-00C04F79EFBC}") = "06_WPF_Tutorial_v2", "06_WPF_Tutorial_v2.csproj", "{AE460670-110C-43E3-9E91-0C44331995DA}"
EndProject
Global
	GlobalSection(SolutionConfigurationPlatforms) = preSolution
		Debug|Any CPU = Debug|Any CPU
		Release|Any CPU = Release|Any CPU
	EndGlobalSection
	GlobalSection(ProjectConfigurationPlatforms) = postSolution
		{AE460670-110C-43E3-9E91-0C44331995DA}.Debug|Any CPU.ActiveCfg = Debug|Any CPU
		{AE460670-110C-43E3-9E91-0C44331995DA}.Debug|Any CPU.Build.0 = Debug|Any CPU
		{AE460670-110C-43E3-9E91-0C44331995DA}.Release|Any CPU.ActiveCfg = Release|Any CPU
		{AE460670-110C-43E3-9E91-0C44331995DA}.Release|Any CPU.Build.0 = Release|Any CPU
	EndGlobalSection
	GlobalSection(SolutionProperties) = preSolution
		HideSolutionNode = FALSE
	EndGlobalSection
	GlobalSection(ExtensibilityGlobals) = postSolution
		SolutionGuid = {AC9C88FA-0AB4-4D23-8127-AFEEA1F04723}
	EndGlobalSection
EndGlobal
