
Microsoft Visual Studio Solution File, Format Version 12.00
# Visual Studio Version 17
VisualStudioVersion = 17.7.34009.444
MinimumVisualStudioVersion = 10.0.40219.1
Project("{FAE04EC0-301F-11D3-BF4B-00C04F79EFBC}") = "06_WPF_Tutorial", "06_WPF_Tutorial.csproj", "{A55F00E2-FA42-462E-A225-789E95131D0C}"
EndProject
Global
	GlobalSection(SolutionConfigurationPlatforms) = preSolution
		Debug|Any CPU = Debug|Any CPU
		Release|Any CPU = Release|Any CPU
	EndGlobalSection
	GlobalSection(ProjectConfigurationPlatforms) = postSolution
		{A55F00E2-FA42-462E-A225-789E95131D0C}.Debug|Any CPU.ActiveCfg = Debug|Any CPU
		{A55F00E2-FA42-462E-A225-789E95131D0C}.Debug|Any CPU.Build.0 = Debug|Any CPU
		{A55F00E2-FA42-462E-A225-789E95131D0C}.Release|Any CPU.ActiveCfg = Release|Any CPU
		{A55F00E2-FA42-462E-A225-789E95131D0C}.Release|Any CPU.Build.0 = Release|Any CPU
	EndGlobalSection
	GlobalSection(SolutionProperties) = preSolution
		HideSolutionNode = FALSE
	EndGlobalSection
	GlobalSection(ExtensibilityGlobals) = postSolution
		SolutionGuid = {9329E75E-3F4E-4E3A-897C-BF7BC26D5E78}
	EndGlobalSection
EndGlobal
